
Microsoft Visual Studio Solution File, Format Version 12.00
# Visual Studio 2013
VisualStudioVersion = 12.0.21005.1
MinimumVisualStudioVersion = 10.0.40219.1
Project("{FAE04EC0-301F-11D3-BF4B-00C04F79EFBC}") = "tdsm-api", "tdsm-api\tdsm-api.csproj", "{A1F792B2-5D80-4DE4-B5DB-7A05DBEABD60}"
EndProject
Project("{FAE04EC0-301F-11D3-BF4B-00C04F79EFBC}") = "tdsm-patcher", "tdsm-patcher\tdsm-patcher.csproj", "{0ED8C37C-355A-4271-92B8-F9ED66881C46}"
EndProject
Project("{2150E333-8FDC-42A3-9474-1A3956D46DE8}") = "Solution Items", "Solution Items", "{EED99527-E456-4B5C-8079-D4DC60410DFE}"
	ProjectSection(SolutionItems) = preProject
		README.md = README.md
	EndProjectSection
EndProject
Project("{FAE04EC0-301F-11D3-BF4B-00C04F79EFBC}") = "tdsm-core", "tdsm-core\tdsm-core.csproj", "{48477B14-CEAA-47AA-98F1-EF935734DBC5}"
EndProject
Project("{FAE04EC0-301F-11D3-BF4B-00C04F79EFBC}") = "tdsm-utility", "tdsm-utility\tdsm-utility.csproj", "{E0C31830-7BEC-4D9C-A0F1-5A5CD176BF7A}"
EndProject
Project("{FAE04EC0-301F-11D3-BF4B-00C04F79EFBC}") = "Mono.Cecil", "cecil\Mono.Cecil.csproj", "{D68133BD-1E63-496E-9EDE-4FBDBF77B486}"
EndProject
Project("{FAE04EC0-301F-11D3-BF4B-00C04F79EFBC}") = "Restrict", "Restrict\Restrict.csproj", "{D3090753-F6FB-476A-89DF-79DA641086B9}"
EndProject
Global
	GlobalSection(SolutionConfigurationPlatforms) = preSolution
		Debug|Any CPU = Debug|Any CPU
		Debug|Mixed Platforms = Debug|Mixed Platforms
		Debug|x86 = Debug|x86
		Just Server|Any CPU = Just Server|Any CPU
		Just Server|Mixed Platforms = Just Server|Mixed Platforms
		Just Server|x86 = Just Server|x86
		net_2_0_Debug|Any CPU = net_2_0_Debug|Any CPU
		net_2_0_Debug|Mixed Platforms = net_2_0_Debug|Mixed Platforms
		net_2_0_Debug|x86 = net_2_0_Debug|x86
		net_2_0_Release|Any CPU = net_2_0_Release|Any CPU
		net_2_0_Release|Mixed Platforms = net_2_0_Release|Mixed Platforms
		net_2_0_Release|x86 = net_2_0_Release|x86
		net_3_5_Debug|Any CPU = net_3_5_Debug|Any CPU
		net_3_5_Debug|Mixed Platforms = net_3_5_Debug|Mixed Platforms
		net_3_5_Debug|x86 = net_3_5_Debug|x86
		net_3_5_Release|Any CPU = net_3_5_Release|Any CPU
		net_3_5_Release|Mixed Platforms = net_3_5_Release|Mixed Platforms
		net_3_5_Release|x86 = net_3_5_Release|x86
		net_4_0_Debug|Any CPU = net_4_0_Debug|Any CPU
		net_4_0_Debug|Mixed Platforms = net_4_0_Debug|Mixed Platforms
		net_4_0_Debug|x86 = net_4_0_Debug|x86
		net_4_0_Release|Any CPU = net_4_0_Release|Any CPU
		net_4_0_Release|Mixed Platforms = net_4_0_Release|Mixed Platforms
		net_4_0_Release|x86 = net_4_0_Release|x86
		net_4_5_Debug|Any CPU = net_4_5_Debug|Any CPU
		net_4_5_Debug|Mixed Platforms = net_4_5_Debug|Mixed Platforms
		net_4_5_Debug|x86 = net_4_5_Debug|x86
		net_4_5_Release|Any CPU = net_4_5_Release|Any CPU
		net_4_5_Release|Mixed Platforms = net_4_5_Release|Mixed Platforms
		net_4_5_Release|x86 = net_4_5_Release|x86
		Release|Any CPU = Release|Any CPU
		Release|Mixed Platforms = Release|Mixed Platforms
		Release|x86 = Release|x86
		silverlight_Debug|Any CPU = silverlight_Debug|Any CPU
		silverlight_Debug|Mixed Platforms = silverlight_Debug|Mixed Platforms
		silverlight_Debug|x86 = silverlight_Debug|x86
		silverlight_Release|Any CPU = silverlight_Release|Any CPU
		silverlight_Release|Mixed Platforms = silverlight_Release|Mixed Platforms
		silverlight_Release|x86 = silverlight_Release|x86
		winphone_Debug|Any CPU = winphone_Debug|Any CPU
		winphone_Debug|Mixed Platforms = winphone_Debug|Mixed Platforms
		winphone_Debug|x86 = winphone_Debug|x86
		winphone_Release|Any CPU = winphone_Release|Any CPU
		winphone_Release|Mixed Platforms = winphone_Release|Mixed Platforms
		winphone_Release|x86 = winphone_Release|x86
	EndGlobalSection
	GlobalSection(ProjectConfigurationPlatforms) = postSolution
		{A1F792B2-5D80-4DE4-B5DB-7A05DBEABD60}.Debug|Any CPU.ActiveCfg = Debug|Any CPU
		{A1F792B2-5D80-4DE4-B5DB-7A05DBEABD60}.Debug|Any CPU.Build.0 = Debug|Any CPU
		{A1F792B2-5D80-4DE4-B5DB-7A05DBEABD60}.Debug|Mixed Platforms.ActiveCfg = Debug|x86
		{A1F792B2-5D80-4DE4-B5DB-7A05DBEABD60}.Debug|Mixed Platforms.Build.0 = Debug|x86
		{A1F792B2-5D80-4DE4-B5DB-7A05DBEABD60}.Debug|x86.ActiveCfg = Debug|x86
		{A1F792B2-5D80-4DE4-B5DB-7A05DBEABD60}.Debug|x86.Build.0 = Debug|x86
		{A1F792B2-5D80-4DE4-B5DB-7A05DBEABD60}.Just Server|Any CPU.ActiveCfg = Release|Any CPU
		{A1F792B2-5D80-4DE4-B5DB-7A05DBEABD60}.Just Server|Any CPU.Build.0 = Release|Any CPU
		{A1F792B2-5D80-4DE4-B5DB-7A05DBEABD60}.Just Server|Mixed Platforms.ActiveCfg = Release|x86
		{A1F792B2-5D80-4DE4-B5DB-7A05DBEABD60}.Just Server|Mixed Platforms.Build.0 = Release|x86
		{A1F792B2-5D80-4DE4-B5DB-7A05DBEABD60}.Just Server|x86.ActiveCfg = Release|x86
		{A1F792B2-5D80-4DE4-B5DB-7A05DBEABD60}.Just Server|x86.Build.0 = Release|x86
		{A1F792B2-5D80-4DE4-B5DB-7A05DBEABD60}.net_2_0_Debug|Any CPU.ActiveCfg = Debug|Any CPU
		{A1F792B2-5D80-4DE4-B5DB-7A05DBEABD60}.net_2_0_Debug|Any CPU.Build.0 = Debug|Any CPU
		{A1F792B2-5D80-4DE4-B5DB-7A05DBEABD60}.net_2_0_Debug|Mixed Platforms.ActiveCfg = Debug|x86
		{A1F792B2-5D80-4DE4-B5DB-7A05DBEABD60}.net_2_0_Debug|Mixed Platforms.Build.0 = Debug|x86
		{A1F792B2-5D80-4DE4-B5DB-7A05DBEABD60}.net_2_0_Debug|x86.ActiveCfg = Debug|x86
		{A1F792B2-5D80-4DE4-B5DB-7A05DBEABD60}.net_2_0_Debug|x86.Build.0 = Debug|x86
		{A1F792B2-5D80-4DE4-B5DB-7A05DBEABD60}.net_2_0_Release|Any CPU.ActiveCfg = Release|Any CPU
		{A1F792B2-5D80-4DE4-B5DB-7A05DBEABD60}.net_2_0_Release|Any CPU.Build.0 = Release|Any CPU
		{A1F792B2-5D80-4DE4-B5DB-7A05DBEABD60}.net_2_0_Release|Mixed Platforms.ActiveCfg = Release|x86
		{A1F792B2-5D80-4DE4-B5DB-7A05DBEABD60}.net_2_0_Release|Mixed Platforms.Build.0 = Release|x86
		{A1F792B2-5D80-4DE4-B5DB-7A05DBEABD60}.net_2_0_Release|x86.ActiveCfg = Release|x86
		{A1F792B2-5D80-4DE4-B5DB-7A05DBEABD60}.net_2_0_Release|x86.Build.0 = Release|x86
		{A1F792B2-5D80-4DE4-B5DB-7A05DBEABD60}.net_3_5_Debug|Any CPU.ActiveCfg = Debug|Any CPU
		{A1F792B2-5D80-4DE4-B5DB-7A05DBEABD60}.net_3_5_Debug|Any CPU.Build.0 = Debug|Any CPU
		{A1F792B2-5D80-4DE4-B5DB-7A05DBEABD60}.net_3_5_Debug|Mixed Platforms.ActiveCfg = Debug|x86
		{A1F792B2-5D80-4DE4-B5DB-7A05DBEABD60}.net_3_5_Debug|Mixed Platforms.Build.0 = Debug|x86
		{A1F792B2-5D80-4DE4-B5DB-7A05DBEABD60}.net_3_5_Debug|x86.ActiveCfg = Debug|x86
		{A1F792B2-5D80-4DE4-B5DB-7A05DBEABD60}.net_3_5_Debug|x86.Build.0 = Debug|x86
		{A1F792B2-5D80-4DE4-B5DB-7A05DBEABD60}.net_3_5_Release|Any CPU.ActiveCfg = Release|Any CPU
		{A1F792B2-5D80-4DE4-B5DB-7A05DBEABD60}.net_3_5_Release|Any CPU.Build.0 = Release|Any CPU
		{A1F792B2-5D80-4DE4-B5DB-7A05DBEABD60}.net_3_5_Release|Mixed Platforms.ActiveCfg = Release|x86
		{A1F792B2-5D80-4DE4-B5DB-7A05DBEABD60}.net_3_5_Release|Mixed Platforms.Build.0 = Release|x86
		{A1F792B2-5D80-4DE4-B5DB-7A05DBEABD60}.net_3_5_Release|x86.ActiveCfg = Release|x86
		{A1F792B2-5D80-4DE4-B5DB-7A05DBEABD60}.net_3_5_Release|x86.Build.0 = Release|x86
		{A1F792B2-5D80-4DE4-B5DB-7A05DBEABD60}.net_4_0_Debug|Any CPU.ActiveCfg = Debug|Any CPU
		{A1F792B2-5D80-4DE4-B5DB-7A05DBEABD60}.net_4_0_Debug|Any CPU.Build.0 = Debug|Any CPU
		{A1F792B2-5D80-4DE4-B5DB-7A05DBEABD60}.net_4_0_Debug|Mixed Platforms.ActiveCfg = Debug|x86
		{A1F792B2-5D80-4DE4-B5DB-7A05DBEABD60}.net_4_0_Debug|Mixed Platforms.Build.0 = Debug|x86
		{A1F792B2-5D80-4DE4-B5DB-7A05DBEABD60}.net_4_0_Debug|x86.ActiveCfg = Debug|x86
		{A1F792B2-5D80-4DE4-B5DB-7A05DBEABD60}.net_4_0_Debug|x86.Build.0 = Debug|x86
		{A1F792B2-5D80-4DE4-B5DB-7A05DBEABD60}.net_4_0_Release|Any CPU.ActiveCfg = Release|Any CPU
		{A1F792B2-5D80-4DE4-B5DB-7A05DBEABD60}.net_4_0_Release|Any CPU.Build.0 = Release|Any CPU
		{A1F792B2-5D80-4DE4-B5DB-7A05DBEABD60}.net_4_0_Release|Mixed Platforms.ActiveCfg = Release|x86
		{A1F792B2-5D80-4DE4-B5DB-7A05DBEABD60}.net_4_0_Release|Mixed Platforms.Build.0 = Release|x86
		{A1F792B2-5D80-4DE4-B5DB-7A05DBEABD60}.net_4_0_Release|x86.ActiveCfg = Release|x86
		{A1F792B2-5D80-4DE4-B5DB-7A05DBEABD60}.net_4_0_Release|x86.Build.0 = Release|x86
		{A1F792B2-5D80-4DE4-B5DB-7A05DBEABD60}.net_4_5_Debug|Any CPU.ActiveCfg = Debug|Any CPU
		{A1F792B2-5D80-4DE4-B5DB-7A05DBEABD60}.net_4_5_Debug|Any CPU.Build.0 = Debug|Any CPU
		{A1F792B2-5D80-4DE4-B5DB-7A05DBEABD60}.net_4_5_Debug|Mixed Platforms.ActiveCfg = Debug|x86
		{A1F792B2-5D80-4DE4-B5DB-7A05DBEABD60}.net_4_5_Debug|Mixed Platforms.Build.0 = Debug|x86
		{A1F792B2-5D80-4DE4-B5DB-7A05DBEABD60}.net_4_5_Debug|x86.ActiveCfg = Debug|x86
		{A1F792B2-5D80-4DE4-B5DB-7A05DBEABD60}.net_4_5_Debug|x86.Build.0 = Debug|x86
		{A1F792B2-5D80-4DE4-B5DB-7A05DBEABD60}.net_4_5_Release|Any CPU.ActiveCfg = Release|Any CPU
		{A1F792B2-5D80-4DE4-B5DB-7A05DBEABD60}.net_4_5_Release|Any CPU.Build.0 = Release|Any CPU
		{A1F792B2-5D80-4DE4-B5DB-7A05DBEABD60}.net_4_5_Release|Mixed Platforms.ActiveCfg = Release|x86
		{A1F792B2-5D80-4DE4-B5DB-7A05DBEABD60}.net_4_5_Release|Mixed Platforms.Build.0 = Release|x86
		{A1F792B2-5D80-4DE4-B5DB-7A05DBEABD60}.net_4_5_Release|x86.ActiveCfg = Release|x86
		{A1F792B2-5D80-4DE4-B5DB-7A05DBEABD60}.net_4_5_Release|x86.Build.0 = Release|x86
		{A1F792B2-5D80-4DE4-B5DB-7A05DBEABD60}.Release|Any CPU.ActiveCfg = Release|Any CPU
		{A1F792B2-5D80-4DE4-B5DB-7A05DBEABD60}.Release|Any CPU.Build.0 = Release|Any CPU
		{A1F792B2-5D80-4DE4-B5DB-7A05DBEABD60}.Release|Mixed Platforms.ActiveCfg = Release|x86
		{A1F792B2-5D80-4DE4-B5DB-7A05DBEABD60}.Release|Mixed Platforms.Build.0 = Release|x86
		{A1F792B2-5D80-4DE4-B5DB-7A05DBEABD60}.Release|x86.ActiveCfg = Release|x86
		{A1F792B2-5D80-4DE4-B5DB-7A05DBEABD60}.Release|x86.Build.0 = Release|x86
		{A1F792B2-5D80-4DE4-B5DB-7A05DBEABD60}.silverlight_Debug|Any CPU.ActiveCfg = Debug|Any CPU
		{A1F792B2-5D80-4DE4-B5DB-7A05DBEABD60}.silverlight_Debug|Any CPU.Build.0 = Debug|Any CPU
		{A1F792B2-5D80-4DE4-B5DB-7A05DBEABD60}.silverlight_Debug|Mixed Platforms.ActiveCfg = Debug|x86
		{A1F792B2-5D80-4DE4-B5DB-7A05DBEABD60}.silverlight_Debug|Mixed Platforms.Build.0 = Debug|x86
		{A1F792B2-5D80-4DE4-B5DB-7A05DBEABD60}.silverlight_Debug|x86.ActiveCfg = Debug|x86
		{A1F792B2-5D80-4DE4-B5DB-7A05DBEABD60}.silverlight_Debug|x86.Build.0 = Debug|x86
		{A1F792B2-5D80-4DE4-B5DB-7A05DBEABD60}.silverlight_Release|Any CPU.ActiveCfg = Release|Any CPU
		{A1F792B2-5D80-4DE4-B5DB-7A05DBEABD60}.silverlight_Release|Any CPU.Build.0 = Release|Any CPU
		{A1F792B2-5D80-4DE4-B5DB-7A05DBEABD60}.silverlight_Release|Mixed Platforms.ActiveCfg = Release|x86
		{A1F792B2-5D80-4DE4-B5DB-7A05DBEABD60}.silverlight_Release|Mixed Platforms.Build.0 = Release|x86
		{A1F792B2-5D80-4DE4-B5DB-7A05DBEABD60}.silverlight_Release|x86.ActiveCfg = Release|x86
		{A1F792B2-5D80-4DE4-B5DB-7A05DBEABD60}.silverlight_Release|x86.Build.0 = Release|x86
		{A1F792B2-5D80-4DE4-B5DB-7A05DBEABD60}.winphone_Debug|Any CPU.ActiveCfg = Debug|Any CPU
		{A1F792B2-5D80-4DE4-B5DB-7A05DBEABD60}.winphone_Debug|Any CPU.Build.0 = Debug|Any CPU
		{A1F792B2-5D80-4DE4-B5DB-7A05DBEABD60}.winphone_Debug|Mixed Platforms.ActiveCfg = Debug|x86
		{A1F792B2-5D80-4DE4-B5DB-7A05DBEABD60}.winphone_Debug|Mixed Platforms.Build.0 = Debug|x86
		{A1F792B2-5D80-4DE4-B5DB-7A05DBEABD60}.winphone_Debug|x86.ActiveCfg = Debug|x86
		{A1F792B2-5D80-4DE4-B5DB-7A05DBEABD60}.winphone_Debug|x86.Build.0 = Debug|x86
		{A1F792B2-5D80-4DE4-B5DB-7A05DBEABD60}.winphone_Release|Any CPU.ActiveCfg = Release|Any CPU
		{A1F792B2-5D80-4DE4-B5DB-7A05DBEABD60}.winphone_Release|Any CPU.Build.0 = Release|Any CPU
		{A1F792B2-5D80-4DE4-B5DB-7A05DBEABD60}.winphone_Release|Mixed Platforms.ActiveCfg = Release|x86
		{A1F792B2-5D80-4DE4-B5DB-7A05DBEABD60}.winphone_Release|Mixed Platforms.Build.0 = Release|x86
		{A1F792B2-5D80-4DE4-B5DB-7A05DBEABD60}.winphone_Release|x86.ActiveCfg = Release|x86
		{A1F792B2-5D80-4DE4-B5DB-7A05DBEABD60}.winphone_Release|x86.Build.0 = Release|x86
		{0ED8C37C-355A-4271-92B8-F9ED66881C46}.Debug|Any CPU.ActiveCfg = Debug|Any CPU
		{0ED8C37C-355A-4271-92B8-F9ED66881C46}.Debug|Any CPU.Build.0 = Debug|Any CPU
		{0ED8C37C-355A-4271-92B8-F9ED66881C46}.Debug|Mixed Platforms.ActiveCfg = Debug|x86
		{0ED8C37C-355A-4271-92B8-F9ED66881C46}.Debug|Mixed Platforms.Build.0 = Debug|x86
		{0ED8C37C-355A-4271-92B8-F9ED66881C46}.Debug|x86.ActiveCfg = Debug|x86
		{0ED8C37C-355A-4271-92B8-F9ED66881C46}.Debug|x86.Build.0 = Debug|x86
		{0ED8C37C-355A-4271-92B8-F9ED66881C46}.Just Server|Any CPU.ActiveCfg = Release|Any CPU
		{0ED8C37C-355A-4271-92B8-F9ED66881C46}.Just Server|Any CPU.Build.0 = Release|Any CPU
		{0ED8C37C-355A-4271-92B8-F9ED66881C46}.Just Server|Mixed Platforms.ActiveCfg = Release|x86
		{0ED8C37C-355A-4271-92B8-F9ED66881C46}.Just Server|Mixed Platforms.Build.0 = Release|x86
		{0ED8C37C-355A-4271-92B8-F9ED66881C46}.Just Server|x86.ActiveCfg = Release|x86
		{0ED8C37C-355A-4271-92B8-F9ED66881C46}.Just Server|x86.Build.0 = Release|x86
		{0ED8C37C-355A-4271-92B8-F9ED66881C46}.net_2_0_Debug|Any CPU.ActiveCfg = Debug|Any CPU
		{0ED8C37C-355A-4271-92B8-F9ED66881C46}.net_2_0_Debug|Any CPU.Build.0 = Debug|Any CPU
		{0ED8C37C-355A-4271-92B8-F9ED66881C46}.net_2_0_Debug|Mixed Platforms.ActiveCfg = Debug|x86
		{0ED8C37C-355A-4271-92B8-F9ED66881C46}.net_2_0_Debug|Mixed Platforms.Build.0 = Debug|x86
		{0ED8C37C-355A-4271-92B8-F9ED66881C46}.net_2_0_Debug|x86.ActiveCfg = Debug|Any CPU
		{0ED8C37C-355A-4271-92B8-F9ED66881C46}.net_2_0_Release|Any CPU.ActiveCfg = Release|Any CPU
		{0ED8C37C-355A-4271-92B8-F9ED66881C46}.net_2_0_Release|Any CPU.Build.0 = Release|Any CPU
		{0ED8C37C-355A-4271-92B8-F9ED66881C46}.net_2_0_Release|Mixed Platforms.ActiveCfg = Release|x86
		{0ED8C37C-355A-4271-92B8-F9ED66881C46}.net_2_0_Release|Mixed Platforms.Build.0 = Release|x86
		{0ED8C37C-355A-4271-92B8-F9ED66881C46}.net_2_0_Release|x86.ActiveCfg = Release|Any CPU
		{0ED8C37C-355A-4271-92B8-F9ED66881C46}.net_3_5_Debug|Any CPU.ActiveCfg = Debug|Any CPU
		{0ED8C37C-355A-4271-92B8-F9ED66881C46}.net_3_5_Debug|Any CPU.Build.0 = Debug|Any CPU
		{0ED8C37C-355A-4271-92B8-F9ED66881C46}.net_3_5_Debug|Mixed Platforms.ActiveCfg = Debug|x86
		{0ED8C37C-355A-4271-92B8-F9ED66881C46}.net_3_5_Debug|Mixed Platforms.Build.0 = Debug|x86
		{0ED8C37C-355A-4271-92B8-F9ED66881C46}.net_3_5_Debug|x86.ActiveCfg = Debug|Any CPU
		{0ED8C37C-355A-4271-92B8-F9ED66881C46}.net_3_5_Release|Any CPU.ActiveCfg = Release|Any CPU
		{0ED8C37C-355A-4271-92B8-F9ED66881C46}.net_3_5_Release|Any CPU.Build.0 = Release|Any CPU
		{0ED8C37C-355A-4271-92B8-F9ED66881C46}.net_3_5_Release|Mixed Platforms.ActiveCfg = Release|x86
		{0ED8C37C-355A-4271-92B8-F9ED66881C46}.net_3_5_Release|Mixed Platforms.Build.0 = Release|x86
		{0ED8C37C-355A-4271-92B8-F9ED66881C46}.net_3_5_Release|x86.ActiveCfg = Release|Any CPU
		{0ED8C37C-355A-4271-92B8-F9ED66881C46}.net_4_0_Debug|Any CPU.ActiveCfg = Debug|Any CPU
		{0ED8C37C-355A-4271-92B8-F9ED66881C46}.net_4_0_Debug|Any CPU.Build.0 = Debug|Any CPU
		{0ED8C37C-355A-4271-92B8-F9ED66881C46}.net_4_0_Debug|Mixed Platforms.ActiveCfg = Debug|x86
		{0ED8C37C-355A-4271-92B8-F9ED66881C46}.net_4_0_Debug|Mixed Platforms.Build.0 = Debug|x86
		{0ED8C37C-355A-4271-92B8-F9ED66881C46}.net_4_0_Debug|x86.ActiveCfg = Debug|Any CPU
		{0ED8C37C-355A-4271-92B8-F9ED66881C46}.net_4_0_Release|Any CPU.ActiveCfg = Release|Any CPU
		{0ED8C37C-355A-4271-92B8-F9ED66881C46}.net_4_0_Release|Any CPU.Build.0 = Release|Any CPU
		{0ED8C37C-355A-4271-92B8-F9ED66881C46}.net_4_0_Release|Mixed Platforms.ActiveCfg = Release|x86
		{0ED8C37C-355A-4271-92B8-F9ED66881C46}.net_4_0_Release|Mixed Platforms.Build.0 = Release|x86
		{0ED8C37C-355A-4271-92B8-F9ED66881C46}.net_4_0_Release|x86.ActiveCfg = Release|Any CPU
		{0ED8C37C-355A-4271-92B8-F9ED66881C46}.net_4_5_Debug|Any CPU.ActiveCfg = Debug|Any CPU
		{0ED8C37C-355A-4271-92B8-F9ED66881C46}.net_4_5_Debug|Any CPU.Build.0 = Debug|Any CPU
		{0ED8C37C-355A-4271-92B8-F9ED66881C46}.net_4_5_Debug|Mixed Platforms.ActiveCfg = Debug|x86
		{0ED8C37C-355A-4271-92B8-F9ED66881C46}.net_4_5_Debug|Mixed Platforms.Build.0 = Debug|x86
		{0ED8C37C-355A-4271-92B8-F9ED66881C46}.net_4_5_Debug|x86.ActiveCfg = Debug|Any CPU
		{0ED8C37C-355A-4271-92B8-F9ED66881C46}.net_4_5_Release|Any CPU.ActiveCfg = Release|Any CPU
		{0ED8C37C-355A-4271-92B8-F9ED66881C46}.net_4_5_Release|Any CPU.Build.0 = Release|Any CPU
		{0ED8C37C-355A-4271-92B8-F9ED66881C46}.net_4_5_Release|Mixed Platforms.ActiveCfg = Release|x86
		{0ED8C37C-355A-4271-92B8-F9ED66881C46}.net_4_5_Release|Mixed Platforms.Build.0 = Release|x86
		{0ED8C37C-355A-4271-92B8-F9ED66881C46}.net_4_5_Release|x86.ActiveCfg = Release|Any CPU
		{0ED8C37C-355A-4271-92B8-F9ED66881C46}.Release|Any CPU.ActiveCfg = Release|Any CPU
		{0ED8C37C-355A-4271-92B8-F9ED66881C46}.Release|Any CPU.Build.0 = Release|Any CPU
		{0ED8C37C-355A-4271-92B8-F9ED66881C46}.Release|Mixed Platforms.ActiveCfg = Release|x86
		{0ED8C37C-355A-4271-92B8-F9ED66881C46}.Release|Mixed Platforms.Build.0 = Release|x86
		{0ED8C37C-355A-4271-92B8-F9ED66881C46}.Release|x86.ActiveCfg = Release|x86
		{0ED8C37C-355A-4271-92B8-F9ED66881C46}.Release|x86.Build.0 = Release|x86
		{0ED8C37C-355A-4271-92B8-F9ED66881C46}.silverlight_Debug|Any CPU.ActiveCfg = Debug|Any CPU
		{0ED8C37C-355A-4271-92B8-F9ED66881C46}.silverlight_Debug|Any CPU.Build.0 = Debug|Any CPU
		{0ED8C37C-355A-4271-92B8-F9ED66881C46}.silverlight_Debug|Mixed Platforms.ActiveCfg = Debug|x86
		{0ED8C37C-355A-4271-92B8-F9ED66881C46}.silverlight_Debug|Mixed Platforms.Build.0 = Debug|x86
		{0ED8C37C-355A-4271-92B8-F9ED66881C46}.silverlight_Debug|x86.ActiveCfg = Debug|Any CPU
		{0ED8C37C-355A-4271-92B8-F9ED66881C46}.silverlight_Release|Any CPU.ActiveCfg = Release|Any CPU
		{0ED8C37C-355A-4271-92B8-F9ED66881C46}.silverlight_Release|Any CPU.Build.0 = Release|Any CPU
		{0ED8C37C-355A-4271-92B8-F9ED66881C46}.silverlight_Release|Mixed Platforms.ActiveCfg = Release|x86
		{0ED8C37C-355A-4271-92B8-F9ED66881C46}.silverlight_Release|Mixed Platforms.Build.0 = Release|x86
		{0ED8C37C-355A-4271-92B8-F9ED66881C46}.silverlight_Release|x86.ActiveCfg = Release|Any CPU
		{0ED8C37C-355A-4271-92B8-F9ED66881C46}.winphone_Debug|Any CPU.ActiveCfg = Debug|Any CPU
		{0ED8C37C-355A-4271-92B8-F9ED66881C46}.winphone_Debug|Any CPU.Build.0 = Debug|Any CPU
		{0ED8C37C-355A-4271-92B8-F9ED66881C46}.winphone_Debug|Mixed Platforms.ActiveCfg = Debug|x86
		{0ED8C37C-355A-4271-92B8-F9ED66881C46}.winphone_Debug|Mixed Platforms.Build.0 = Debug|x86
		{0ED8C37C-355A-4271-92B8-F9ED66881C46}.winphone_Debug|x86.ActiveCfg = Debug|Any CPU
		{0ED8C37C-355A-4271-92B8-F9ED66881C46}.winphone_Release|Any CPU.ActiveCfg = Release|Any CPU
		{0ED8C37C-355A-4271-92B8-F9ED66881C46}.winphone_Release|Any CPU.Build.0 = Release|Any CPU
		{0ED8C37C-355A-4271-92B8-F9ED66881C46}.winphone_Release|Mixed Platforms.ActiveCfg = Release|x86
		{0ED8C37C-355A-4271-92B8-F9ED66881C46}.winphone_Release|Mixed Platforms.Build.0 = Release|x86
		{0ED8C37C-355A-4271-92B8-F9ED66881C46}.winphone_Release|x86.ActiveCfg = Release|Any CPU
		{48477B14-CEAA-47AA-98F1-EF935734DBC5}.Debug|Any CPU.ActiveCfg = Debug|Any CPU
		{48477B14-CEAA-47AA-98F1-EF935734DBC5}.Debug|Any CPU.Build.0 = Debug|Any CPU
		{48477B14-CEAA-47AA-98F1-EF935734DBC5}.Debug|Mixed Platforms.ActiveCfg = Debug|x86
		{48477B14-CEAA-47AA-98F1-EF935734DBC5}.Debug|Mixed Platforms.Build.0 = Debug|x86
		{48477B14-CEAA-47AA-98F1-EF935734DBC5}.Debug|x86.ActiveCfg = Debug|x86
		{48477B14-CEAA-47AA-98F1-EF935734DBC5}.Debug|x86.Build.0 = Debug|x86
		{48477B14-CEAA-47AA-98F1-EF935734DBC5}.Just Server|Any CPU.ActiveCfg = Release|Any CPU
		{48477B14-CEAA-47AA-98F1-EF935734DBC5}.Just Server|Any CPU.Build.0 = Release|Any CPU
		{48477B14-CEAA-47AA-98F1-EF935734DBC5}.Just Server|Mixed Platforms.ActiveCfg = Release|x86
		{48477B14-CEAA-47AA-98F1-EF935734DBC5}.Just Server|Mixed Platforms.Build.0 = Release|x86
		{48477B14-CEAA-47AA-98F1-EF935734DBC5}.Just Server|x86.ActiveCfg = Release|x86
		{48477B14-CEAA-47AA-98F1-EF935734DBC5}.Just Server|x86.Build.0 = Release|x86
		{48477B14-CEAA-47AA-98F1-EF935734DBC5}.net_2_0_Debug|Any CPU.ActiveCfg = Debug|Any CPU
		{48477B14-CEAA-47AA-98F1-EF935734DBC5}.net_2_0_Debug|Mixed Platforms.ActiveCfg = Debug|x86
		{48477B14-CEAA-47AA-98F1-EF935734DBC5}.net_2_0_Debug|Mixed Platforms.Build.0 = Debug|x86
		{48477B14-CEAA-47AA-98F1-EF935734DBC5}.net_2_0_Debug|x86.ActiveCfg = Debug|x86
		{48477B14-CEAA-47AA-98F1-EF935734DBC5}.net_2_0_Release|Any CPU.ActiveCfg = Release|Any CPU
		{48477B14-CEAA-47AA-98F1-EF935734DBC5}.net_2_0_Release|Mixed Platforms.ActiveCfg = Release|x86
		{48477B14-CEAA-47AA-98F1-EF935734DBC5}.net_2_0_Release|Mixed Platforms.Build.0 = Release|x86
		{48477B14-CEAA-47AA-98F1-EF935734DBC5}.net_2_0_Release|x86.ActiveCfg = Release|x86
		{48477B14-CEAA-47AA-98F1-EF935734DBC5}.net_3_5_Debug|Any CPU.ActiveCfg = Debug|Any CPU
		{48477B14-CEAA-47AA-98F1-EF935734DBC5}.net_3_5_Debug|Mixed Platforms.ActiveCfg = Debug|x86
		{48477B14-CEAA-47AA-98F1-EF935734DBC5}.net_3_5_Debug|Mixed Platforms.Build.0 = Debug|x86
		{48477B14-CEAA-47AA-98F1-EF935734DBC5}.net_3_5_Debug|x86.ActiveCfg = Debug|x86
		{48477B14-CEAA-47AA-98F1-EF935734DBC5}.net_3_5_Release|Any CPU.ActiveCfg = Release|Any CPU
		{48477B14-CEAA-47AA-98F1-EF935734DBC5}.net_3_5_Release|Mixed Platforms.ActiveCfg = Release|x86
		{48477B14-CEAA-47AA-98F1-EF935734DBC5}.net_3_5_Release|Mixed Platforms.Build.0 = Release|x86
		{48477B14-CEAA-47AA-98F1-EF935734DBC5}.net_3_5_Release|x86.ActiveCfg = Release|x86
		{48477B14-CEAA-47AA-98F1-EF935734DBC5}.net_4_0_Debug|Any CPU.ActiveCfg = Debug|Any CPU
		{48477B14-CEAA-47AA-98F1-EF935734DBC5}.net_4_0_Debug|Mixed Platforms.ActiveCfg = Debug|x86
		{48477B14-CEAA-47AA-98F1-EF935734DBC5}.net_4_0_Debug|Mixed Platforms.Build.0 = Debug|x86
		{48477B14-CEAA-47AA-98F1-EF935734DBC5}.net_4_0_Debug|x86.ActiveCfg = Debug|x86
		{48477B14-CEAA-47AA-98F1-EF935734DBC5}.net_4_0_Release|Any CPU.ActiveCfg = Release|Any CPU
		{48477B14-CEAA-47AA-98F1-EF935734DBC5}.net_4_0_Release|Mixed Platforms.ActiveCfg = Release|x86
		{48477B14-CEAA-47AA-98F1-EF935734DBC5}.net_4_0_Release|Mixed Platforms.Build.0 = Release|x86
		{48477B14-CEAA-47AA-98F1-EF935734DBC5}.net_4_0_Release|x86.ActiveCfg = Release|x86
		{48477B14-CEAA-47AA-98F1-EF935734DBC5}.net_4_5_Debug|Any CPU.ActiveCfg = Debug|Any CPU
		{48477B14-CEAA-47AA-98F1-EF935734DBC5}.net_4_5_Debug|Mixed Platforms.ActiveCfg = Debug|x86
		{48477B14-CEAA-47AA-98F1-EF935734DBC5}.net_4_5_Debug|Mixed Platforms.Build.0 = Debug|x86
		{48477B14-CEAA-47AA-98F1-EF935734DBC5}.net_4_5_Debug|x86.ActiveCfg = Debug|x86
		{48477B14-CEAA-47AA-98F1-EF935734DBC5}.net_4_5_Release|Any CPU.ActiveCfg = Release|Any CPU
		{48477B14-CEAA-47AA-98F1-EF935734DBC5}.net_4_5_Release|Mixed Platforms.ActiveCfg = Release|x86
		{48477B14-CEAA-47AA-98F1-EF935734DBC5}.net_4_5_Release|Mixed Platforms.Build.0 = Release|x86
		{48477B14-CEAA-47AA-98F1-EF935734DBC5}.net_4_5_Release|x86.ActiveCfg = Release|x86
		{48477B14-CEAA-47AA-98F1-EF935734DBC5}.Release|Any CPU.ActiveCfg = Release|Any CPU
		{48477B14-CEAA-47AA-98F1-EF935734DBC5}.Release|Any CPU.Build.0 = Release|Any CPU
		{48477B14-CEAA-47AA-98F1-EF935734DBC5}.Release|Mixed Platforms.ActiveCfg = Release|x86
		{48477B14-CEAA-47AA-98F1-EF935734DBC5}.Release|Mixed Platforms.Build.0 = Release|x86
		{48477B14-CEAA-47AA-98F1-EF935734DBC5}.Release|x86.ActiveCfg = Release|x86
		{48477B14-CEAA-47AA-98F1-EF935734DBC5}.Release|x86.Build.0 = Release|x86
		{48477B14-CEAA-47AA-98F1-EF935734DBC5}.silverlight_Debug|Any CPU.ActiveCfg = Debug|Any CPU
		{48477B14-CEAA-47AA-98F1-EF935734DBC5}.silverlight_Debug|Mixed Platforms.ActiveCfg = Debug|x86
		{48477B14-CEAA-47AA-98F1-EF935734DBC5}.silverlight_Debug|Mixed Platforms.Build.0 = Debug|x86
		{48477B14-CEAA-47AA-98F1-EF935734DBC5}.silverlight_Debug|x86.ActiveCfg = Debug|x86
		{48477B14-CEAA-47AA-98F1-EF935734DBC5}.silverlight_Release|Any CPU.ActiveCfg = Release|Any CPU
		{48477B14-CEAA-47AA-98F1-EF935734DBC5}.silverlight_Release|Mixed Platforms.ActiveCfg = Release|x86
		{48477B14-CEAA-47AA-98F1-EF935734DBC5}.silverlight_Release|Mixed Platforms.Build.0 = Release|x86
		{48477B14-CEAA-47AA-98F1-EF935734DBC5}.silverlight_Release|x86.ActiveCfg = Release|x86
		{48477B14-CEAA-47AA-98F1-EF935734DBC5}.winphone_Debug|Any CPU.ActiveCfg = Debug|Any CPU
		{48477B14-CEAA-47AA-98F1-EF935734DBC5}.winphone_Debug|Mixed Platforms.ActiveCfg = Debug|x86
		{48477B14-CEAA-47AA-98F1-EF935734DBC5}.winphone_Debug|Mixed Platforms.Build.0 = Debug|x86
		{48477B14-CEAA-47AA-98F1-EF935734DBC5}.winphone_Debug|x86.ActiveCfg = Debug|x86
		{48477B14-CEAA-47AA-98F1-EF935734DBC5}.winphone_Release|Any CPU.ActiveCfg = Release|Any CPU
		{48477B14-CEAA-47AA-98F1-EF935734DBC5}.winphone_Release|Mixed Platforms.ActiveCfg = Release|x86
		{48477B14-CEAA-47AA-98F1-EF935734DBC5}.winphone_Release|Mixed Platforms.Build.0 = Release|x86
		{48477B14-CEAA-47AA-98F1-EF935734DBC5}.winphone_Release|x86.ActiveCfg = Release|x86
		{E0C31830-7BEC-4D9C-A0F1-5A5CD176BF7A}.Debug|Any CPU.ActiveCfg = Debug|Any CPU
		{E0C31830-7BEC-4D9C-A0F1-5A5CD176BF7A}.Debug|Any CPU.Build.0 = Debug|Any CPU
		{E0C31830-7BEC-4D9C-A0F1-5A5CD176BF7A}.Debug|Mixed Platforms.ActiveCfg = Debug|x86
		{E0C31830-7BEC-4D9C-A0F1-5A5CD176BF7A}.Debug|Mixed Platforms.Build.0 = Debug|x86
		{E0C31830-7BEC-4D9C-A0F1-5A5CD176BF7A}.Debug|x86.ActiveCfg = Debug|x86
		{E0C31830-7BEC-4D9C-A0F1-5A5CD176BF7A}.Debug|x86.Build.0 = Debug|x86
		{E0C31830-7BEC-4D9C-A0F1-5A5CD176BF7A}.Just Server|Any CPU.ActiveCfg = Release|Any CPU
		{E0C31830-7BEC-4D9C-A0F1-5A5CD176BF7A}.Just Server|Any CPU.Build.0 = Release|Any CPU
		{E0C31830-7BEC-4D9C-A0F1-5A5CD176BF7A}.Just Server|Mixed Platforms.ActiveCfg = Release|x86
		{E0C31830-7BEC-4D9C-A0F1-5A5CD176BF7A}.Just Server|Mixed Platforms.Build.0 = Release|x86
		{E0C31830-7BEC-4D9C-A0F1-5A5CD176BF7A}.Just Server|x86.ActiveCfg = Release|x86
		{E0C31830-7BEC-4D9C-A0F1-5A5CD176BF7A}.Just Server|x86.Build.0 = Release|x86
		{E0C31830-7BEC-4D9C-A0F1-5A5CD176BF7A}.net_2_0_Debug|Any CPU.ActiveCfg = Debug|Any CPU
		{E0C31830-7BEC-4D9C-A0F1-5A5CD176BF7A}.net_2_0_Debug|Any CPU.Build.0 = Debug|Any CPU
		{E0C31830-7BEC-4D9C-A0F1-5A5CD176BF7A}.net_2_0_Debug|Mixed Platforms.ActiveCfg = Debug|Any CPU
		{E0C31830-7BEC-4D9C-A0F1-5A5CD176BF7A}.net_2_0_Debug|Mixed Platforms.Build.0 = Debug|Any CPU
		{E0C31830-7BEC-4D9C-A0F1-5A5CD176BF7A}.net_2_0_Debug|x86.ActiveCfg = Debug|Any CPU
		{E0C31830-7BEC-4D9C-A0F1-5A5CD176BF7A}.net_2_0_Release|Any CPU.ActiveCfg = Release|Any CPU
		{E0C31830-7BEC-4D9C-A0F1-5A5CD176BF7A}.net_2_0_Release|Any CPU.Build.0 = Release|Any CPU
		{E0C31830-7BEC-4D9C-A0F1-5A5CD176BF7A}.net_2_0_Release|Mixed Platforms.ActiveCfg = Release|Any CPU
		{E0C31830-7BEC-4D9C-A0F1-5A5CD176BF7A}.net_2_0_Release|Mixed Platforms.Build.0 = Release|Any CPU
		{E0C31830-7BEC-4D9C-A0F1-5A5CD176BF7A}.net_2_0_Release|x86.ActiveCfg = Release|Any CPU
		{E0C31830-7BEC-4D9C-A0F1-5A5CD176BF7A}.net_3_5_Debug|Any CPU.ActiveCfg = Debug|Any CPU
		{E0C31830-7BEC-4D9C-A0F1-5A5CD176BF7A}.net_3_5_Debug|Any CPU.Build.0 = Debug|Any CPU
		{E0C31830-7BEC-4D9C-A0F1-5A5CD176BF7A}.net_3_5_Debug|Mixed Platforms.ActiveCfg = Debug|Any CPU
		{E0C31830-7BEC-4D9C-A0F1-5A5CD176BF7A}.net_3_5_Debug|Mixed Platforms.Build.0 = Debug|Any CPU
		{E0C31830-7BEC-4D9C-A0F1-5A5CD176BF7A}.net_3_5_Debug|x86.ActiveCfg = Debug|Any CPU
		{E0C31830-7BEC-4D9C-A0F1-5A5CD176BF7A}.net_3_5_Release|Any CPU.ActiveCfg = Release|Any CPU
		{E0C31830-7BEC-4D9C-A0F1-5A5CD176BF7A}.net_3_5_Release|Any CPU.Build.0 = Release|Any CPU
		{E0C31830-7BEC-4D9C-A0F1-5A5CD176BF7A}.net_3_5_Release|Mixed Platforms.ActiveCfg = Release|Any CPU
		{E0C31830-7BEC-4D9C-A0F1-5A5CD176BF7A}.net_3_5_Release|Mixed Platforms.Build.0 = Release|Any CPU
		{E0C31830-7BEC-4D9C-A0F1-5A5CD176BF7A}.net_3_5_Release|x86.ActiveCfg = Release|Any CPU
		{E0C31830-7BEC-4D9C-A0F1-5A5CD176BF7A}.net_4_0_Debug|Any CPU.ActiveCfg = Debug|Any CPU
		{E0C31830-7BEC-4D9C-A0F1-5A5CD176BF7A}.net_4_0_Debug|Any CPU.Build.0 = Debug|Any CPU
		{E0C31830-7BEC-4D9C-A0F1-5A5CD176BF7A}.net_4_0_Debug|Mixed Platforms.ActiveCfg = Debug|Any CPU
		{E0C31830-7BEC-4D9C-A0F1-5A5CD176BF7A}.net_4_0_Debug|Mixed Platforms.Build.0 = Debug|Any CPU
		{E0C31830-7BEC-4D9C-A0F1-5A5CD176BF7A}.net_4_0_Debug|x86.ActiveCfg = Debug|Any CPU
		{E0C31830-7BEC-4D9C-A0F1-5A5CD176BF7A}.net_4_0_Release|Any CPU.ActiveCfg = Release|Any CPU
		{E0C31830-7BEC-4D9C-A0F1-5A5CD176BF7A}.net_4_0_Release|Any CPU.Build.0 = Release|Any CPU
		{E0C31830-7BEC-4D9C-A0F1-5A5CD176BF7A}.net_4_0_Release|Mixed Platforms.ActiveCfg = Release|Any CPU
		{E0C31830-7BEC-4D9C-A0F1-5A5CD176BF7A}.net_4_0_Release|Mixed Platforms.Build.0 = Release|Any CPU
		{E0C31830-7BEC-4D9C-A0F1-5A5CD176BF7A}.net_4_0_Release|x86.ActiveCfg = Release|Any CPU
		{E0C31830-7BEC-4D9C-A0F1-5A5CD176BF7A}.net_4_5_Debug|Any CPU.ActiveCfg = Debug|Any CPU
		{E0C31830-7BEC-4D9C-A0F1-5A5CD176BF7A}.net_4_5_Debug|Any CPU.Build.0 = Debug|Any CPU
		{E0C31830-7BEC-4D9C-A0F1-5A5CD176BF7A}.net_4_5_Debug|Mixed Platforms.ActiveCfg = Debug|Any CPU
		{E0C31830-7BEC-4D9C-A0F1-5A5CD176BF7A}.net_4_5_Debug|Mixed Platforms.Build.0 = Debug|Any CPU
		{E0C31830-7BEC-4D9C-A0F1-5A5CD176BF7A}.net_4_5_Debug|x86.ActiveCfg = Debug|Any CPU
		{E0C31830-7BEC-4D9C-A0F1-5A5CD176BF7A}.net_4_5_Release|Any CPU.ActiveCfg = Release|Any CPU
		{E0C31830-7BEC-4D9C-A0F1-5A5CD176BF7A}.net_4_5_Release|Any CPU.Build.0 = Release|Any CPU
		{E0C31830-7BEC-4D9C-A0F1-5A5CD176BF7A}.net_4_5_Release|Mixed Platforms.ActiveCfg = Release|Any CPU
		{E0C31830-7BEC-4D9C-A0F1-5A5CD176BF7A}.net_4_5_Release|Mixed Platforms.Build.0 = Release|Any CPU
		{E0C31830-7BEC-4D9C-A0F1-5A5CD176BF7A}.net_4_5_Release|x86.ActiveCfg = Release|Any CPU
		{E0C31830-7BEC-4D9C-A0F1-5A5CD176BF7A}.Release|Any CPU.ActiveCfg = Release|Any CPU
		{E0C31830-7BEC-4D9C-A0F1-5A5CD176BF7A}.Release|Any CPU.Build.0 = Release|Any CPU
		{E0C31830-7BEC-4D9C-A0F1-5A5CD176BF7A}.Release|Mixed Platforms.ActiveCfg = Release|Any CPU
		{E0C31830-7BEC-4D9C-A0F1-5A5CD176BF7A}.Release|Mixed Platforms.Build.0 = Release|Any CPU
		{E0C31830-7BEC-4D9C-A0F1-5A5CD176BF7A}.Release|x86.ActiveCfg = Release|x86
		{E0C31830-7BEC-4D9C-A0F1-5A5CD176BF7A}.Release|x86.Build.0 = Release|x86
		{E0C31830-7BEC-4D9C-A0F1-5A5CD176BF7A}.silverlight_Debug|Any CPU.ActiveCfg = Debug|Any CPU
		{E0C31830-7BEC-4D9C-A0F1-5A5CD176BF7A}.silverlight_Debug|Any CPU.Build.0 = Debug|Any CPU
		{E0C31830-7BEC-4D9C-A0F1-5A5CD176BF7A}.silverlight_Debug|Mixed Platforms.ActiveCfg = Debug|Any CPU
		{E0C31830-7BEC-4D9C-A0F1-5A5CD176BF7A}.silverlight_Debug|Mixed Platforms.Build.0 = Debug|Any CPU
		{E0C31830-7BEC-4D9C-A0F1-5A5CD176BF7A}.silverlight_Debug|x86.ActiveCfg = Debug|Any CPU
		{E0C31830-7BEC-4D9C-A0F1-5A5CD176BF7A}.silverlight_Release|Any CPU.ActiveCfg = Release|Any CPU
		{E0C31830-7BEC-4D9C-A0F1-5A5CD176BF7A}.silverlight_Release|Any CPU.Build.0 = Release|Any CPU
		{E0C31830-7BEC-4D9C-A0F1-5A5CD176BF7A}.silverlight_Release|Mixed Platforms.ActiveCfg = Release|Any CPU
		{E0C31830-7BEC-4D9C-A0F1-5A5CD176BF7A}.silverlight_Release|Mixed Platforms.Build.0 = Release|Any CPU
		{E0C31830-7BEC-4D9C-A0F1-5A5CD176BF7A}.silverlight_Release|x86.ActiveCfg = Release|Any CPU
		{E0C31830-7BEC-4D9C-A0F1-5A5CD176BF7A}.winphone_Debug|Any CPU.ActiveCfg = Debug|Any CPU
		{E0C31830-7BEC-4D9C-A0F1-5A5CD176BF7A}.winphone_Debug|Any CPU.Build.0 = Debug|Any CPU
		{E0C31830-7BEC-4D9C-A0F1-5A5CD176BF7A}.winphone_Debug|Mixed Platforms.ActiveCfg = Debug|Any CPU
		{E0C31830-7BEC-4D9C-A0F1-5A5CD176BF7A}.winphone_Debug|Mixed Platforms.Build.0 = Debug|Any CPU
		{E0C31830-7BEC-4D9C-A0F1-5A5CD176BF7A}.winphone_Debug|x86.ActiveCfg = Debug|Any CPU
		{E0C31830-7BEC-4D9C-A0F1-5A5CD176BF7A}.winphone_Release|Any CPU.ActiveCfg = Release|Any CPU
		{E0C31830-7BEC-4D9C-A0F1-5A5CD176BF7A}.winphone_Release|Any CPU.Build.0 = Release|Any CPU
		{E0C31830-7BEC-4D9C-A0F1-5A5CD176BF7A}.winphone_Release|Mixed Platforms.ActiveCfg = Release|Any CPU
		{E0C31830-7BEC-4D9C-A0F1-5A5CD176BF7A}.winphone_Release|Mixed Platforms.Build.0 = Release|Any CPU
		{E0C31830-7BEC-4D9C-A0F1-5A5CD176BF7A}.winphone_Release|x86.ActiveCfg = Release|Any CPU
		{D68133BD-1E63-496E-9EDE-4FBDBF77B486}.Debug|Any CPU.ActiveCfg = winphone_Debug|x86
		{D68133BD-1E63-496E-9EDE-4FBDBF77B486}.Debug|Mixed Platforms.ActiveCfg = winphone_Debug|x86
		{D68133BD-1E63-496E-9EDE-4FBDBF77B486}.Debug|Mixed Platforms.Build.0 = winphone_Debug|x86
		{D68133BD-1E63-496E-9EDE-4FBDBF77B486}.Debug|x86.ActiveCfg = net_4_0_Debug|x86
		{D68133BD-1E63-496E-9EDE-4FBDBF77B486}.Debug|x86.Build.0 = net_4_0_Debug|x86
		{D68133BD-1E63-496E-9EDE-4FBDBF77B486}.Just Server|Any CPU.ActiveCfg = silverlight_Release|x86
		{D68133BD-1E63-496E-9EDE-4FBDBF77B486}.Just Server|Mixed Platforms.ActiveCfg = winphone_Release|x86
		{D68133BD-1E63-496E-9EDE-4FBDBF77B486}.Just Server|Mixed Platforms.Build.0 = winphone_Release|x86
		{D68133BD-1E63-496E-9EDE-4FBDBF77B486}.Just Server|x86.ActiveCfg = winphone_Release|x86
		{D68133BD-1E63-496E-9EDE-4FBDBF77B486}.Just Server|x86.Build.0 = winphone_Release|x86
		{D68133BD-1E63-496E-9EDE-4FBDBF77B486}.net_2_0_Debug|Any CPU.ActiveCfg = net_2_0_Debug|x86
		{D68133BD-1E63-496E-9EDE-4FBDBF77B486}.net_2_0_Debug|Mixed Platforms.ActiveCfg = net_2_0_Debug|x86
		{D68133BD-1E63-496E-9EDE-4FBDBF77B486}.net_2_0_Debug|Mixed Platforms.Build.0 = net_2_0_Debug|x86
		{D68133BD-1E63-496E-9EDE-4FBDBF77B486}.net_2_0_Debug|x86.ActiveCfg = net_2_0_Debug|x86
		{D68133BD-1E63-496E-9EDE-4FBDBF77B486}.net_2_0_Debug|x86.Build.0 = net_2_0_Debug|x86
		{D68133BD-1E63-496E-9EDE-4FBDBF77B486}.net_2_0_Release|Any CPU.ActiveCfg = net_2_0_Release|x86
		{D68133BD-1E63-496E-9EDE-4FBDBF77B486}.net_2_0_Release|Mixed Platforms.ActiveCfg = net_2_0_Release|x86
		{D68133BD-1E63-496E-9EDE-4FBDBF77B486}.net_2_0_Release|Mixed Platforms.Build.0 = net_2_0_Release|x86
		{D68133BD-1E63-496E-9EDE-4FBDBF77B486}.net_2_0_Release|x86.ActiveCfg = net_2_0_Release|x86
		{D68133BD-1E63-496E-9EDE-4FBDBF77B486}.net_2_0_Release|x86.Build.0 = net_2_0_Release|x86
		{D68133BD-1E63-496E-9EDE-4FBDBF77B486}.net_3_5_Debug|Any CPU.ActiveCfg = net_3_5_Debug|x86
		{D68133BD-1E63-496E-9EDE-4FBDBF77B486}.net_3_5_Debug|Mixed Platforms.ActiveCfg = net_3_5_Debug|x86
		{D68133BD-1E63-496E-9EDE-4FBDBF77B486}.net_3_5_Debug|Mixed Platforms.Build.0 = net_3_5_Debug|x86
		{D68133BD-1E63-496E-9EDE-4FBDBF77B486}.net_3_5_Debug|x86.ActiveCfg = net_3_5_Debug|x86
		{D68133BD-1E63-496E-9EDE-4FBDBF77B486}.net_3_5_Debug|x86.Build.0 = net_3_5_Debug|x86
		{D68133BD-1E63-496E-9EDE-4FBDBF77B486}.net_3_5_Release|Any CPU.ActiveCfg = net_3_5_Release|x86
		{D68133BD-1E63-496E-9EDE-4FBDBF77B486}.net_3_5_Release|Mixed Platforms.ActiveCfg = net_3_5_Release|x86
		{D68133BD-1E63-496E-9EDE-4FBDBF77B486}.net_3_5_Release|Mixed Platforms.Build.0 = net_3_5_Release|x86
		{D68133BD-1E63-496E-9EDE-4FBDBF77B486}.net_3_5_Release|x86.ActiveCfg = net_3_5_Release|x86
		{D68133BD-1E63-496E-9EDE-4FBDBF77B486}.net_3_5_Release|x86.Build.0 = net_3_5_Release|x86
		{D68133BD-1E63-496E-9EDE-4FBDBF77B486}.net_4_0_Debug|Any CPU.ActiveCfg = net_4_0_Debug|x86
		{D68133BD-1E63-496E-9EDE-4FBDBF77B486}.net_4_0_Debug|Mixed Platforms.ActiveCfg = net_4_0_Debug|x86
		{D68133BD-1E63-496E-9EDE-4FBDBF77B486}.net_4_0_Debug|Mixed Platforms.Build.0 = net_4_0_Debug|x86
		{D68133BD-1E63-496E-9EDE-4FBDBF77B486}.net_4_0_Debug|x86.ActiveCfg = net_4_0_Debug|x86
		{D68133BD-1E63-496E-9EDE-4FBDBF77B486}.net_4_0_Debug|x86.Build.0 = net_4_0_Debug|x86
		{D68133BD-1E63-496E-9EDE-4FBDBF77B486}.net_4_0_Release|Any CPU.ActiveCfg = net_4_0_Release|x86
		{D68133BD-1E63-496E-9EDE-4FBDBF77B486}.net_4_0_Release|Mixed Platforms.ActiveCfg = net_4_0_Release|x86
		{D68133BD-1E63-496E-9EDE-4FBDBF77B486}.net_4_0_Release|Mixed Platforms.Build.0 = net_4_0_Release|x86
		{D68133BD-1E63-496E-9EDE-4FBDBF77B486}.net_4_0_Release|x86.ActiveCfg = net_4_0_Release|x86
		{D68133BD-1E63-496E-9EDE-4FBDBF77B486}.net_4_0_Release|x86.Build.0 = net_4_0_Release|x86
		{D68133BD-1E63-496E-9EDE-4FBDBF77B486}.net_4_5_Debug|Any CPU.ActiveCfg = net_4_5_Debug|x86
		{D68133BD-1E63-496E-9EDE-4FBDBF77B486}.net_4_5_Debug|Mixed Platforms.ActiveCfg = net_4_5_Debug|x86
		{D68133BD-1E63-496E-9EDE-4FBDBF77B486}.net_4_5_Debug|Mixed Platforms.Build.0 = net_4_5_Debug|x86
		{D68133BD-1E63-496E-9EDE-4FBDBF77B486}.net_4_5_Debug|x86.ActiveCfg = net_4_5_Debug|x86
		{D68133BD-1E63-496E-9EDE-4FBDBF77B486}.net_4_5_Debug|x86.Build.0 = net_4_5_Debug|x86
		{D68133BD-1E63-496E-9EDE-4FBDBF77B486}.net_4_5_Release|Any CPU.ActiveCfg = net_4_5_Release|x86
		{D68133BD-1E63-496E-9EDE-4FBDBF77B486}.net_4_5_Release|Mixed Platforms.ActiveCfg = net_4_5_Release|x86
		{D68133BD-1E63-496E-9EDE-4FBDBF77B486}.net_4_5_Release|Mixed Platforms.Build.0 = net_4_5_Release|x86
		{D68133BD-1E63-496E-9EDE-4FBDBF77B486}.net_4_5_Release|x86.ActiveCfg = net_4_5_Release|x86
		{D68133BD-1E63-496E-9EDE-4FBDBF77B486}.net_4_5_Release|x86.Build.0 = net_4_5_Release|x86
		{D68133BD-1E63-496E-9EDE-4FBDBF77B486}.Release|Any CPU.ActiveCfg = silverlight_Release|x86
		{D68133BD-1E63-496E-9EDE-4FBDBF77B486}.Release|Mixed Platforms.ActiveCfg = silverlight_Release|x86
		{D68133BD-1E63-496E-9EDE-4FBDBF77B486}.Release|Mixed Platforms.Build.0 = silverlight_Release|x86
		{D68133BD-1E63-496E-9EDE-4FBDBF77B486}.Release|x86.ActiveCfg = net_4_0_Release|x86
		{D68133BD-1E63-496E-9EDE-4FBDBF77B486}.Release|x86.Build.0 = net_4_0_Release|x86
		{D68133BD-1E63-496E-9EDE-4FBDBF77B486}.silverlight_Debug|Any CPU.ActiveCfg = silverlight_Debug|x86
		{D68133BD-1E63-496E-9EDE-4FBDBF77B486}.silverlight_Debug|Mixed Platforms.ActiveCfg = silverlight_Debug|x86
		{D68133BD-1E63-496E-9EDE-4FBDBF77B486}.silverlight_Debug|Mixed Platforms.Build.0 = silverlight_Debug|x86
		{D68133BD-1E63-496E-9EDE-4FBDBF77B486}.silverlight_Debug|x86.ActiveCfg = silverlight_Debug|x86
		{D68133BD-1E63-496E-9EDE-4FBDBF77B486}.silverlight_Debug|x86.Build.0 = silverlight_Debug|x86
		{D68133BD-1E63-496E-9EDE-4FBDBF77B486}.silverlight_Release|Any CPU.ActiveCfg = silverlight_Release|x86
		{D68133BD-1E63-496E-9EDE-4FBDBF77B486}.silverlight_Release|Mixed Platforms.ActiveCfg = silverlight_Release|x86
		{D68133BD-1E63-496E-9EDE-4FBDBF77B486}.silverlight_Release|Mixed Platforms.Build.0 = silverlight_Release|x86
		{D68133BD-1E63-496E-9EDE-4FBDBF77B486}.silverlight_Release|x86.ActiveCfg = silverlight_Release|x86
		{D68133BD-1E63-496E-9EDE-4FBDBF77B486}.silverlight_Release|x86.Build.0 = silverlight_Release|x86
		{D68133BD-1E63-496E-9EDE-4FBDBF77B486}.winphone_Debug|Any CPU.ActiveCfg = winphone_Debug|x86
		{D68133BD-1E63-496E-9EDE-4FBDBF77B486}.winphone_Debug|Mixed Platforms.ActiveCfg = winphone_Debug|x86
		{D68133BD-1E63-496E-9EDE-4FBDBF77B486}.winphone_Debug|Mixed Platforms.Build.0 = winphone_Debug|x86
		{D68133BD-1E63-496E-9EDE-4FBDBF77B486}.winphone_Debug|x86.ActiveCfg = winphone_Debug|x86
		{D68133BD-1E63-496E-9EDE-4FBDBF77B486}.winphone_Debug|x86.Build.0 = winphone_Debug|x86
		{D68133BD-1E63-496E-9EDE-4FBDBF77B486}.winphone_Release|Any CPU.ActiveCfg = winphone_Release|x86
		{D68133BD-1E63-496E-9EDE-4FBDBF77B486}.winphone_Release|Mixed Platforms.ActiveCfg = winphone_Release|x86
		{D68133BD-1E63-496E-9EDE-4FBDBF77B486}.winphone_Release|Mixed Platforms.Build.0 = winphone_Release|x86
		{D68133BD-1E63-496E-9EDE-4FBDBF77B486}.winphone_Release|x86.ActiveCfg = winphone_Release|x86
		{D68133BD-1E63-496E-9EDE-4FBDBF77B486}.winphone_Release|x86.Build.0 = winphone_Release|x86
		{D3090753-F6FB-476A-89DF-79DA641086B9}.Debug|Any CPU.ActiveCfg = Debug|Any CPU
		{D3090753-F6FB-476A-89DF-79DA641086B9}.Debug|Any CPU.Build.0 = Debug|Any CPU
		{D3090753-F6FB-476A-89DF-79DA641086B9}.Debug|Mixed Platforms.ActiveCfg = Debug|x86
		{D3090753-F6FB-476A-89DF-79DA641086B9}.Debug|Mixed Platforms.Build.0 = Debug|x86
		{D3090753-F6FB-476A-89DF-79DA641086B9}.Debug|x86.ActiveCfg = Debug|x86
		{D3090753-F6FB-476A-89DF-79DA641086B9}.Debug|x86.Build.0 = Debug|x86
		{D3090753-F6FB-476A-89DF-79DA641086B9}.Just Server|Any CPU.ActiveCfg = Just Server|Any CPU
		{D3090753-F6FB-476A-89DF-79DA641086B9}.Just Server|Any CPU.Build.0 = Just Server|Any CPU
		{D3090753-F6FB-476A-89DF-79DA641086B9}.Just Server|Mixed Platforms.ActiveCfg = Just Server|Any CPU
		{D3090753-F6FB-476A-89DF-79DA641086B9}.Just Server|Mixed Platforms.Build.0 = Just Server|Any CPU
		{D3090753-F6FB-476A-89DF-79DA641086B9}.Just Server|x86.ActiveCfg = Just Server|Any CPU
		{D3090753-F6FB-476A-89DF-79DA641086B9}.net_2_0_Debug|Any CPU.ActiveCfg = Debug|Any CPU
		{D3090753-F6FB-476A-89DF-79DA641086B9}.net_2_0_Debug|Any CPU.Build.0 = Debug|Any CPU
		{D3090753-F6FB-476A-89DF-79DA641086B9}.net_2_0_Debug|Mixed Platforms.ActiveCfg = Debug|Any CPU
		{D3090753-F6FB-476A-89DF-79DA641086B9}.net_2_0_Debug|Mixed Platforms.Build.0 = Debug|Any CPU
		{D3090753-F6FB-476A-89DF-79DA641086B9}.net_2_0_Debug|x86.ActiveCfg = Debug|Any CPU
		{D3090753-F6FB-476A-89DF-79DA641086B9}.net_2_0_Release|Any CPU.ActiveCfg = Release|Any CPU
		{D3090753-F6FB-476A-89DF-79DA641086B9}.net_2_0_Release|Any CPU.Build.0 = Release|Any CPU
		{D3090753-F6FB-476A-89DF-79DA641086B9}.net_2_0_Release|Mixed Platforms.ActiveCfg = Release|Any CPU
		{D3090753-F6FB-476A-89DF-79DA641086B9}.net_2_0_Release|Mixed Platforms.Build.0 = Release|Any CPU
		{D3090753-F6FB-476A-89DF-79DA641086B9}.net_2_0_Release|x86.ActiveCfg = Release|Any CPU
		{D3090753-F6FB-476A-89DF-79DA641086B9}.net_3_5_Debug|Any CPU.ActiveCfg = Debug|Any CPU
		{D3090753-F6FB-476A-89DF-79DA641086B9}.net_3_5_Debug|Any CPU.Build.0 = Debug|Any CPU
		{D3090753-F6FB-476A-89DF-79DA641086B9}.net_3_5_Debug|Mixed Platforms.ActiveCfg = Debug|Any CPU
		{D3090753-F6FB-476A-89DF-79DA641086B9}.net_3_5_Debug|Mixed Platforms.Build.0 = Debug|Any CPU
		{D3090753-F6FB-476A-89DF-79DA641086B9}.net_3_5_Debug|x86.ActiveCfg = Debug|Any CPU
		{D3090753-F6FB-476A-89DF-79DA641086B9}.net_3_5_Release|Any CPU.ActiveCfg = Release|Any CPU
		{D3090753-F6FB-476A-89DF-79DA641086B9}.net_3_5_Release|Any CPU.Build.0 = Release|Any CPU
		{D3090753-F6FB-476A-89DF-79DA641086B9}.net_3_5_Release|Mixed Platforms.ActiveCfg = Release|Any CPU
		{D3090753-F6FB-476A-89DF-79DA641086B9}.net_3_5_Release|Mixed Platforms.Build.0 = Release|Any CPU
		{D3090753-F6FB-476A-89DF-79DA641086B9}.net_3_5_Release|x86.ActiveCfg = Release|Any CPU
		{D3090753-F6FB-476A-89DF-79DA641086B9}.net_4_0_Debug|Any CPU.ActiveCfg = Debug|Any CPU
		{D3090753-F6FB-476A-89DF-79DA641086B9}.net_4_0_Debug|Any CPU.Build.0 = Debug|Any CPU
		{D3090753-F6FB-476A-89DF-79DA641086B9}.net_4_0_Debug|Mixed Platforms.ActiveCfg = Debug|Any CPU
		{D3090753-F6FB-476A-89DF-79DA641086B9}.net_4_0_Debug|Mixed Platforms.Build.0 = Debug|Any CPU
		{D3090753-F6FB-476A-89DF-79DA641086B9}.net_4_0_Debug|x86.ActiveCfg = Debug|Any CPU
		{D3090753-F6FB-476A-89DF-79DA641086B9}.net_4_0_Release|Any CPU.ActiveCfg = Release|Any CPU
		{D3090753-F6FB-476A-89DF-79DA641086B9}.net_4_0_Release|Any CPU.Build.0 = Release|Any CPU
		{D3090753-F6FB-476A-89DF-79DA641086B9}.net_4_0_Release|Mixed Platforms.ActiveCfg = Release|Any CPU
		{D3090753-F6FB-476A-89DF-79DA641086B9}.net_4_0_Release|Mixed Platforms.Build.0 = Release|Any CPU
		{D3090753-F6FB-476A-89DF-79DA641086B9}.net_4_0_Release|x86.ActiveCfg = Release|Any CPU
		{D3090753-F6FB-476A-89DF-79DA641086B9}.net_4_5_Debug|Any CPU.ActiveCfg = Debug|Any CPU
		{D3090753-F6FB-476A-89DF-79DA641086B9}.net_4_5_Debug|Any CPU.Build.0 = Debug|Any CPU
		{D3090753-F6FB-476A-89DF-79DA641086B9}.net_4_5_Debug|Mixed Platforms.ActiveCfg = Debug|Any CPU
		{D3090753-F6FB-476A-89DF-79DA641086B9}.net_4_5_Debug|Mixed Platforms.Build.0 = Debug|Any CPU
		{D3090753-F6FB-476A-89DF-79DA641086B9}.net_4_5_Debug|x86.ActiveCfg = Debug|Any CPU
		{D3090753-F6FB-476A-89DF-79DA641086B9}.net_4_5_Release|Any CPU.ActiveCfg = Release|Any CPU
		{D3090753-F6FB-476A-89DF-79DA641086B9}.net_4_5_Release|Any CPU.Build.0 = Release|Any CPU
		{D3090753-F6FB-476A-89DF-79DA641086B9}.net_4_5_Release|Mixed Platforms.ActiveCfg = Release|Any CPU
		{D3090753-F6FB-476A-89DF-79DA641086B9}.net_4_5_Release|Mixed Platforms.Build.0 = Release|Any CPU
		{D3090753-F6FB-476A-89DF-79DA641086B9}.net_4_5_Release|x86.ActiveCfg = Release|Any CPU
		{D3090753-F6FB-476A-89DF-79DA641086B9}.Release|Any CPU.ActiveCfg = Release|Any CPU
		{D3090753-F6FB-476A-89DF-79DA641086B9}.Release|Any CPU.Build.0 = Release|Any CPU
		{D3090753-F6FB-476A-89DF-79DA641086B9}.Release|Mixed Platforms.ActiveCfg = Release|Any CPU
		{D3090753-F6FB-476A-89DF-79DA641086B9}.Release|Mixed Platforms.Build.0 = Release|Any CPU
		{D3090753-F6FB-476A-89DF-79DA641086B9}.Release|x86.ActiveCfg = Release|x86
		{D3090753-F6FB-476A-89DF-79DA641086B9}.Release|x86.Build.0 = Release|x86
		{D3090753-F6FB-476A-89DF-79DA641086B9}.silverlight_Debug|Any CPU.ActiveCfg = Debug|Any CPU
		{D3090753-F6FB-476A-89DF-79DA641086B9}.silverlight_Debug|Any CPU.Build.0 = Debug|Any CPU
		{D3090753-F6FB-476A-89DF-79DA641086B9}.silverlight_Debug|Mixed Platforms.ActiveCfg = Debug|Any CPU
		{D3090753-F6FB-476A-89DF-79DA641086B9}.silverlight_Debug|Mixed Platforms.Build.0 = Debug|Any CPU
		{D3090753-F6FB-476A-89DF-79DA641086B9}.silverlight_Debug|x86.ActiveCfg = Debug|Any CPU
		{D3090753-F6FB-476A-89DF-79DA641086B9}.silverlight_Release|Any CPU.ActiveCfg = Release|Any CPU
		{D3090753-F6FB-476A-89DF-79DA641086B9}.silverlight_Release|Any CPU.Build.0 = Release|Any CPU
		{D3090753-F6FB-476A-89DF-79DA641086B9}.silverlight_Release|Mixed Platforms.ActiveCfg = Release|Any CPU
		{D3090753-F6FB-476A-89DF-79DA641086B9}.silverlight_Release|Mixed Platforms.Build.0 = Release|Any CPU
		{D3090753-F6FB-476A-89DF-79DA641086B9}.silverlight_Release|x86.ActiveCfg = Release|Any CPU
		{D3090753-F6FB-476A-89DF-79DA641086B9}.winphone_Debug|Any CPU.ActiveCfg = Debug|Any CPU
		{D3090753-F6FB-476A-89DF-79DA641086B9}.winphone_Debug|Any CPU.Build.0 = Debug|Any CPU
		{D3090753-F6FB-476A-89DF-79DA641086B9}.winphone_Debug|Mixed Platforms.ActiveCfg = Debug|Any CPU
		{D3090753-F6FB-476A-89DF-79DA641086B9}.winphone_Debug|Mixed Platforms.Build.0 = Debug|Any CPU
		{D3090753-F6FB-476A-89DF-79DA641086B9}.winphone_Debug|x86.ActiveCfg = Debug|Any CPU
		{D3090753-F6FB-476A-89DF-79DA641086B9}.winphone_Release|Any CPU.ActiveCfg = Release|Any CPU
		{D3090753-F6FB-476A-89DF-79DA641086B9}.winphone_Release|Any CPU.Build.0 = Release|Any CPU
		{D3090753-F6FB-476A-89DF-79DA641086B9}.winphone_Release|Mixed Platforms.ActiveCfg = Release|Any CPU
		{D3090753-F6FB-476A-89DF-79DA641086B9}.winphone_Release|Mixed Platforms.Build.0 = Release|Any CPU
		{D3090753-F6FB-476A-89DF-79DA641086B9}.winphone_Release|x86.ActiveCfg = Release|Any CPU
	EndGlobalSection
	GlobalSection(SolutionProperties) = preSolution
		HideSolutionNode = FALSE
	EndGlobalSection
	GlobalSection(MonoDevelopProperties) = preSolution
		StartupItem = tdsm-patcher\tdsm-patcher.csproj
	EndGlobalSection
EndGlobal
