
Microsoft Visual Studio Solution File, Format Version 12.00
# Visual Studio 2012
VisualStudioVersion = 14.0.22823.1
MinimumVisualStudioVersion = 10.0.40219.1
Project("{FAE04EC0-301F-11D3-BF4B-00C04F79EFBC}") = "tdsm-api", "tdsm-api\tdsm-api.csproj", "{A1F792B2-5D80-4DE4-B5DB-7A05DBEABD60}"
EndProject
Project("{FAE04EC0-301F-11D3-BF4B-00C04F79EFBC}") = "tdsm-patcher", "tdsm-patcher\tdsm-patcher.csproj", "{0ED8C37C-355A-4271-92B8-F9ED66881C46}"
EndProject
Project("{2150E333-8FDC-42A3-9474-1A3956D46DE8}") = "Solution Items", "Solution Items", "{EED99527-E456-4B5C-8079-D4DC60410DFE}"
	ProjectSection(SolutionItems) = preProject
		.gitignore = .gitignore
		Changelog.md = Changelog.md
		Development.md = Development.md
		README.md = README.md
	EndProjectSection
EndProject
Project("{2150E333-8FDC-42A3-9474-1A3956D46DE8}") = "Binaries", "Binaries", "{D87DBA58-1E96-43CC-BD55-A7F30CAEE90E}"
	ProjectSection(SolutionItems) = preProject
		Binaries\package.json = Binaries\package.json
		Binaries\README.md = Binaries\README.md
		Binaries\start-server.bat = Binaries\start-server.bat
		Binaries\start-server.cmd = Binaries\start-server.cmd
	EndProjectSection
EndProject
Project("{FAE04EC0-301F-11D3-BF4B-00C04F79EFBC}") = "tdsm-core", "tdsm-core\tdsm-core.csproj", "{48477B14-CEAA-47AA-98F1-EF935734DBC5}"
EndProject
Project("{FAE04EC0-301F-11D3-BF4B-00C04F79EFBC}") = "tdsm-utility", "tdsm-utility\tdsm-utility.csproj", "{E0C31830-7BEC-4D9C-A0F1-5A5CD176BF7A}"
EndProject
Project("{FAE04EC0-301F-11D3-BF4B-00C04F79EFBC}") = "tdsm-sqlite-connector", "tdsm-sqlite-connector\tdsm-sqlite-connector.csproj", "{C720D188-E30F-4DC8-99B9-A7B662067BD7}"
EndProject
Project("{FAE04EC0-301F-11D3-BF4B-00C04F79EFBC}") = "tdsm-mysql-connector", "tdsm-mysql-connector\tdsm-mysql-connector.csproj", "{C72B65EB-6789-4B7E-BCED-4382E3B99F7B}"
EndProject
Global
	GlobalSection(SolutionConfigurationPlatforms) = preSolution
		Debug|Any CPU = Debug|Any CPU
		Debug|Mixed Platforms = Debug|Mixed Platforms
		Debug|Win32 = Debug|Win32
		Debug|x86 = Debug|x86
		Just Server|Any CPU = Just Server|Any CPU
		Just Server|Mixed Platforms = Just Server|Mixed Platforms
		Just Server|Win32 = Just Server|Win32
		Just Server|x86 = Just Server|x86
		net_2_0_Debug|Any CPU = net_2_0_Debug|Any CPU
		net_2_0_Debug|Mixed Platforms = net_2_0_Debug|Mixed Platforms
		net_2_0_Debug|Win32 = net_2_0_Debug|Win32
		net_2_0_Debug|x86 = net_2_0_Debug|x86
		net_2_0_Release|Any CPU = net_2_0_Release|Any CPU
		net_2_0_Release|Mixed Platforms = net_2_0_Release|Mixed Platforms
		net_2_0_Release|Win32 = net_2_0_Release|Win32
		net_2_0_Release|x86 = net_2_0_Release|x86
		net_3_5_Debug|Any CPU = net_3_5_Debug|Any CPU
		net_3_5_Debug|Mixed Platforms = net_3_5_Debug|Mixed Platforms
		net_3_5_Debug|Win32 = net_3_5_Debug|Win32
		net_3_5_Debug|x86 = net_3_5_Debug|x86
		net_3_5_Release|Any CPU = net_3_5_Release|Any CPU
		net_3_5_Release|Mixed Platforms = net_3_5_Release|Mixed Platforms
		net_3_5_Release|Win32 = net_3_5_Release|Win32
		net_3_5_Release|x86 = net_3_5_Release|x86
		net_4_0_Debug|Any CPU = net_4_0_Debug|Any CPU
		net_4_0_Debug|Mixed Platforms = net_4_0_Debug|Mixed Platforms
		net_4_0_Debug|Win32 = net_4_0_Debug|Win32
		net_4_0_Debug|x86 = net_4_0_Debug|x86
		net_4_0_Release|Any CPU = net_4_0_Release|Any CPU
		net_4_0_Release|Mixed Platforms = net_4_0_Release|Mixed Platforms
		net_4_0_Release|Win32 = net_4_0_Release|Win32
		net_4_0_Release|x86 = net_4_0_Release|x86
		net_4_5_Debug|Any CPU = net_4_5_Debug|Any CPU
		net_4_5_Debug|Mixed Platforms = net_4_5_Debug|Mixed Platforms
		net_4_5_Debug|Win32 = net_4_5_Debug|Win32
		net_4_5_Debug|x86 = net_4_5_Debug|x86
		net_4_5_Release|Any CPU = net_4_5_Release|Any CPU
		net_4_5_Release|Mixed Platforms = net_4_5_Release|Mixed Platforms
		net_4_5_Release|Win32 = net_4_5_Release|Win32
		net_4_5_Release|x86 = net_4_5_Release|x86
		Release|Any CPU = Release|Any CPU
		Release|Mixed Platforms = Release|Mixed Platforms
		Release|Win32 = Release|Win32
		Release|x86 = Release|x86
		silverlight_Debug|Any CPU = silverlight_Debug|Any CPU
		silverlight_Debug|Mixed Platforms = silverlight_Debug|Mixed Platforms
		silverlight_Debug|Win32 = silverlight_Debug|Win32
		silverlight_Debug|x86 = silverlight_Debug|x86
		silverlight_Release|Any CPU = silverlight_Release|Any CPU
		silverlight_Release|Mixed Platforms = silverlight_Release|Mixed Platforms
		silverlight_Release|Win32 = silverlight_Release|Win32
		silverlight_Release|x86 = silverlight_Release|x86
		winphone_Debug|Any CPU = winphone_Debug|Any CPU
		winphone_Debug|Mixed Platforms = winphone_Debug|Mixed Platforms
		winphone_Debug|Win32 = winphone_Debug|Win32
		winphone_Debug|x86 = winphone_Debug|x86
		winphone_Release|Any CPU = winphone_Release|Any CPU
		winphone_Release|Mixed Platforms = winphone_Release|Mixed Platforms
		winphone_Release|Win32 = winphone_Release|Win32
		winphone_Release|x86 = winphone_Release|x86
	EndGlobalSection
	GlobalSection(ProjectConfigurationPlatforms) = postSolution
		{0ED8C37C-355A-4271-92B8-F9ED66881C46}.Debug|Any CPU.ActiveCfg = Debug|Any CPU
		{0ED8C37C-355A-4271-92B8-F9ED66881C46}.Debug|Any CPU.Build.0 = Debug|Any CPU
		{0ED8C37C-355A-4271-92B8-F9ED66881C46}.Debug|Mixed Platforms.ActiveCfg = Debug|x86
		{0ED8C37C-355A-4271-92B8-F9ED66881C46}.Debug|Mixed Platforms.Build.0 = Debug|x86
		{0ED8C37C-355A-4271-92B8-F9ED66881C46}.Debug|Win32.ActiveCfg = Debug|x86
		{0ED8C37C-355A-4271-92B8-F9ED66881C46}.Debug|Win32.Build.0 = Debug|x86
		{0ED8C37C-355A-4271-92B8-F9ED66881C46}.Debug|x86.ActiveCfg = Debug|x86
		{0ED8C37C-355A-4271-92B8-F9ED66881C46}.Debug|x86.Build.0 = Debug|x86
		{0ED8C37C-355A-4271-92B8-F9ED66881C46}.Just Server|Any CPU.ActiveCfg = Release|Any CPU
		{0ED8C37C-355A-4271-92B8-F9ED66881C46}.Just Server|Any CPU.Build.0 = Release|Any CPU
		{0ED8C37C-355A-4271-92B8-F9ED66881C46}.Just Server|Mixed Platforms.ActiveCfg = Release|x86
		{0ED8C37C-355A-4271-92B8-F9ED66881C46}.Just Server|Mixed Platforms.Build.0 = Release|x86
		{0ED8C37C-355A-4271-92B8-F9ED66881C46}.Just Server|Win32.ActiveCfg = Release|x86
		{0ED8C37C-355A-4271-92B8-F9ED66881C46}.Just Server|Win32.Build.0 = Release|x86
		{0ED8C37C-355A-4271-92B8-F9ED66881C46}.Just Server|x86.ActiveCfg = Release|x86
		{0ED8C37C-355A-4271-92B8-F9ED66881C46}.Just Server|x86.Build.0 = Release|x86
		{0ED8C37C-355A-4271-92B8-F9ED66881C46}.net_2_0_Debug|Any CPU.ActiveCfg = Debug|Any CPU
		{0ED8C37C-355A-4271-92B8-F9ED66881C46}.net_2_0_Debug|Any CPU.Build.0 = Debug|Any CPU
		{0ED8C37C-355A-4271-92B8-F9ED66881C46}.net_2_0_Debug|Mixed Platforms.ActiveCfg = Debug|x86
		{0ED8C37C-355A-4271-92B8-F9ED66881C46}.net_2_0_Debug|Mixed Platforms.Build.0 = Debug|x86
		{0ED8C37C-355A-4271-92B8-F9ED66881C46}.net_2_0_Debug|Win32.ActiveCfg = Debug|x86
		{0ED8C37C-355A-4271-92B8-F9ED66881C46}.net_2_0_Debug|Win32.Build.0 = Debug|x86
		{0ED8C37C-355A-4271-92B8-F9ED66881C46}.net_2_0_Debug|x86.ActiveCfg = Debug|Any CPU
		{0ED8C37C-355A-4271-92B8-F9ED66881C46}.net_2_0_Release|Any CPU.ActiveCfg = Release|Any CPU
		{0ED8C37C-355A-4271-92B8-F9ED66881C46}.net_2_0_Release|Any CPU.Build.0 = Release|Any CPU
		{0ED8C37C-355A-4271-92B8-F9ED66881C46}.net_2_0_Release|Mixed Platforms.ActiveCfg = Release|x86
		{0ED8C37C-355A-4271-92B8-F9ED66881C46}.net_2_0_Release|Mixed Platforms.Build.0 = Release|x86
		{0ED8C37C-355A-4271-92B8-F9ED66881C46}.net_2_0_Release|Win32.ActiveCfg = Release|x86
		{0ED8C37C-355A-4271-92B8-F9ED66881C46}.net_2_0_Release|Win32.Build.0 = Release|x86
		{0ED8C37C-355A-4271-92B8-F9ED66881C46}.net_2_0_Release|x86.ActiveCfg = Release|Any CPU
		{0ED8C37C-355A-4271-92B8-F9ED66881C46}.net_3_5_Debug|Any CPU.ActiveCfg = Debug|Any CPU
		{0ED8C37C-355A-4271-92B8-F9ED66881C46}.net_3_5_Debug|Any CPU.Build.0 = Debug|Any CPU
		{0ED8C37C-355A-4271-92B8-F9ED66881C46}.net_3_5_Debug|Mixed Platforms.ActiveCfg = Debug|x86
		{0ED8C37C-355A-4271-92B8-F9ED66881C46}.net_3_5_Debug|Mixed Platforms.Build.0 = Debug|x86
		{0ED8C37C-355A-4271-92B8-F9ED66881C46}.net_3_5_Debug|Win32.ActiveCfg = Debug|x86
		{0ED8C37C-355A-4271-92B8-F9ED66881C46}.net_3_5_Debug|Win32.Build.0 = Debug|x86
		{0ED8C37C-355A-4271-92B8-F9ED66881C46}.net_3_5_Debug|x86.ActiveCfg = Debug|Any CPU
		{0ED8C37C-355A-4271-92B8-F9ED66881C46}.net_3_5_Release|Any CPU.ActiveCfg = Release|Any CPU
		{0ED8C37C-355A-4271-92B8-F9ED66881C46}.net_3_5_Release|Any CPU.Build.0 = Release|Any CPU
		{0ED8C37C-355A-4271-92B8-F9ED66881C46}.net_3_5_Release|Mixed Platforms.ActiveCfg = Release|x86
		{0ED8C37C-355A-4271-92B8-F9ED66881C46}.net_3_5_Release|Mixed Platforms.Build.0 = Release|x86
		{0ED8C37C-355A-4271-92B8-F9ED66881C46}.net_3_5_Release|Win32.ActiveCfg = Release|x86
		{0ED8C37C-355A-4271-92B8-F9ED66881C46}.net_3_5_Release|Win32.Build.0 = Release|x86
		{0ED8C37C-355A-4271-92B8-F9ED66881C46}.net_3_5_Release|x86.ActiveCfg = Release|Any CPU
		{0ED8C37C-355A-4271-92B8-F9ED66881C46}.net_4_0_Debug|Any CPU.ActiveCfg = Debug|Any CPU
		{0ED8C37C-355A-4271-92B8-F9ED66881C46}.net_4_0_Debug|Any CPU.Build.0 = Debug|Any CPU
		{0ED8C37C-355A-4271-92B8-F9ED66881C46}.net_4_0_Debug|Mixed Platforms.ActiveCfg = Debug|x86
		{0ED8C37C-355A-4271-92B8-F9ED66881C46}.net_4_0_Debug|Mixed Platforms.Build.0 = Debug|x86
		{0ED8C37C-355A-4271-92B8-F9ED66881C46}.net_4_0_Debug|Win32.ActiveCfg = Debug|x86
		{0ED8C37C-355A-4271-92B8-F9ED66881C46}.net_4_0_Debug|Win32.Build.0 = Debug|x86
		{0ED8C37C-355A-4271-92B8-F9ED66881C46}.net_4_0_Debug|x86.ActiveCfg = Debug|Any CPU
		{0ED8C37C-355A-4271-92B8-F9ED66881C46}.net_4_0_Release|Any CPU.ActiveCfg = Release|Any CPU
		{0ED8C37C-355A-4271-92B8-F9ED66881C46}.net_4_0_Release|Any CPU.Build.0 = Release|Any CPU
		{0ED8C37C-355A-4271-92B8-F9ED66881C46}.net_4_0_Release|Mixed Platforms.ActiveCfg = Release|x86
		{0ED8C37C-355A-4271-92B8-F9ED66881C46}.net_4_0_Release|Mixed Platforms.Build.0 = Release|x86
		{0ED8C37C-355A-4271-92B8-F9ED66881C46}.net_4_0_Release|Win32.ActiveCfg = Release|x86
		{0ED8C37C-355A-4271-92B8-F9ED66881C46}.net_4_0_Release|Win32.Build.0 = Release|x86
		{0ED8C37C-355A-4271-92B8-F9ED66881C46}.net_4_0_Release|x86.ActiveCfg = Release|Any CPU
		{0ED8C37C-355A-4271-92B8-F9ED66881C46}.net_4_5_Debug|Any CPU.ActiveCfg = Debug|Any CPU
		{0ED8C37C-355A-4271-92B8-F9ED66881C46}.net_4_5_Debug|Any CPU.Build.0 = Debug|Any CPU
		{0ED8C37C-355A-4271-92B8-F9ED66881C46}.net_4_5_Debug|Mixed Platforms.ActiveCfg = Debug|x86
		{0ED8C37C-355A-4271-92B8-F9ED66881C46}.net_4_5_Debug|Mixed Platforms.Build.0 = Debug|x86
		{0ED8C37C-355A-4271-92B8-F9ED66881C46}.net_4_5_Debug|Win32.ActiveCfg = Debug|x86
		{0ED8C37C-355A-4271-92B8-F9ED66881C46}.net_4_5_Debug|Win32.Build.0 = Debug|x86
		{0ED8C37C-355A-4271-92B8-F9ED66881C46}.net_4_5_Debug|x86.ActiveCfg = Debug|Any CPU
		{0ED8C37C-355A-4271-92B8-F9ED66881C46}.net_4_5_Release|Any CPU.ActiveCfg = Release|Any CPU
		{0ED8C37C-355A-4271-92B8-F9ED66881C46}.net_4_5_Release|Any CPU.Build.0 = Release|Any CPU
		{0ED8C37C-355A-4271-92B8-F9ED66881C46}.net_4_5_Release|Mixed Platforms.ActiveCfg = Release|x86
		{0ED8C37C-355A-4271-92B8-F9ED66881C46}.net_4_5_Release|Mixed Platforms.Build.0 = Release|x86
		{0ED8C37C-355A-4271-92B8-F9ED66881C46}.net_4_5_Release|Win32.ActiveCfg = Release|x86
		{0ED8C37C-355A-4271-92B8-F9ED66881C46}.net_4_5_Release|Win32.Build.0 = Release|x86
		{0ED8C37C-355A-4271-92B8-F9ED66881C46}.net_4_5_Release|x86.ActiveCfg = Release|Any CPU
		{0ED8C37C-355A-4271-92B8-F9ED66881C46}.Release|Any CPU.ActiveCfg = Release|Any CPU
		{0ED8C37C-355A-4271-92B8-F9ED66881C46}.Release|Any CPU.Build.0 = Release|Any CPU
		{0ED8C37C-355A-4271-92B8-F9ED66881C46}.Release|Mixed Platforms.ActiveCfg = Release|x86
		{0ED8C37C-355A-4271-92B8-F9ED66881C46}.Release|Mixed Platforms.Build.0 = Release|x86
		{0ED8C37C-355A-4271-92B8-F9ED66881C46}.Release|Win32.ActiveCfg = Release|x86
		{0ED8C37C-355A-4271-92B8-F9ED66881C46}.Release|Win32.Build.0 = Release|x86
		{0ED8C37C-355A-4271-92B8-F9ED66881C46}.Release|x86.ActiveCfg = Release|x86
		{0ED8C37C-355A-4271-92B8-F9ED66881C46}.Release|x86.Build.0 = Release|x86
		{0ED8C37C-355A-4271-92B8-F9ED66881C46}.silverlight_Debug|Any CPU.ActiveCfg = Debug|Any CPU
		{0ED8C37C-355A-4271-92B8-F9ED66881C46}.silverlight_Debug|Any CPU.Build.0 = Debug|Any CPU
		{0ED8C37C-355A-4271-92B8-F9ED66881C46}.silverlight_Debug|Mixed Platforms.ActiveCfg = Debug|x86
		{0ED8C37C-355A-4271-92B8-F9ED66881C46}.silverlight_Debug|Mixed Platforms.Build.0 = Debug|x86
		{0ED8C37C-355A-4271-92B8-F9ED66881C46}.silverlight_Debug|Win32.ActiveCfg = Debug|x86
		{0ED8C37C-355A-4271-92B8-F9ED66881C46}.silverlight_Debug|Win32.Build.0 = Debug|x86
		{0ED8C37C-355A-4271-92B8-F9ED66881C46}.silverlight_Debug|x86.ActiveCfg = Debug|Any CPU
		{0ED8C37C-355A-4271-92B8-F9ED66881C46}.silverlight_Release|Any CPU.ActiveCfg = Release|Any CPU
		{0ED8C37C-355A-4271-92B8-F9ED66881C46}.silverlight_Release|Any CPU.Build.0 = Release|Any CPU
		{0ED8C37C-355A-4271-92B8-F9ED66881C46}.silverlight_Release|Mixed Platforms.ActiveCfg = Release|x86
		{0ED8C37C-355A-4271-92B8-F9ED66881C46}.silverlight_Release|Mixed Platforms.Build.0 = Release|x86
		{0ED8C37C-355A-4271-92B8-F9ED66881C46}.silverlight_Release|Win32.ActiveCfg = Release|x86
		{0ED8C37C-355A-4271-92B8-F9ED66881C46}.silverlight_Release|Win32.Build.0 = Release|x86
		{0ED8C37C-355A-4271-92B8-F9ED66881C46}.silverlight_Release|x86.ActiveCfg = Release|Any CPU
		{0ED8C37C-355A-4271-92B8-F9ED66881C46}.winphone_Debug|Any CPU.ActiveCfg = Debug|Any CPU
		{0ED8C37C-355A-4271-92B8-F9ED66881C46}.winphone_Debug|Any CPU.Build.0 = Debug|Any CPU
		{0ED8C37C-355A-4271-92B8-F9ED66881C46}.winphone_Debug|Mixed Platforms.ActiveCfg = Debug|x86
		{0ED8C37C-355A-4271-92B8-F9ED66881C46}.winphone_Debug|Mixed Platforms.Build.0 = Debug|x86
		{0ED8C37C-355A-4271-92B8-F9ED66881C46}.winphone_Debug|Win32.ActiveCfg = Debug|x86
		{0ED8C37C-355A-4271-92B8-F9ED66881C46}.winphone_Debug|Win32.Build.0 = Debug|x86
		{0ED8C37C-355A-4271-92B8-F9ED66881C46}.winphone_Debug|x86.ActiveCfg = Debug|Any CPU
		{0ED8C37C-355A-4271-92B8-F9ED66881C46}.winphone_Release|Any CPU.ActiveCfg = Release|Any CPU
		{0ED8C37C-355A-4271-92B8-F9ED66881C46}.winphone_Release|Any CPU.Build.0 = Release|Any CPU
		{0ED8C37C-355A-4271-92B8-F9ED66881C46}.winphone_Release|Mixed Platforms.ActiveCfg = Release|x86
		{0ED8C37C-355A-4271-92B8-F9ED66881C46}.winphone_Release|Mixed Platforms.Build.0 = Release|x86
		{0ED8C37C-355A-4271-92B8-F9ED66881C46}.winphone_Release|Win32.ActiveCfg = Release|x86
		{0ED8C37C-355A-4271-92B8-F9ED66881C46}.winphone_Release|Win32.Build.0 = Release|x86
		{0ED8C37C-355A-4271-92B8-F9ED66881C46}.winphone_Release|x86.ActiveCfg = Release|Any CPU
		{48477B14-CEAA-47AA-98F1-EF935734DBC5}.Debug|Any CPU.ActiveCfg = Debug|Any CPU
		{48477B14-CEAA-47AA-98F1-EF935734DBC5}.Debug|Any CPU.Build.0 = Debug|Any CPU
		{48477B14-CEAA-47AA-98F1-EF935734DBC5}.Debug|Mixed Platforms.ActiveCfg = Debug|x86
		{48477B14-CEAA-47AA-98F1-EF935734DBC5}.Debug|Mixed Platforms.Build.0 = Debug|x86
		{48477B14-CEAA-47AA-98F1-EF935734DBC5}.Debug|Win32.ActiveCfg = Debug|x86
		{48477B14-CEAA-47AA-98F1-EF935734DBC5}.Debug|Win32.Build.0 = Debug|x86
		{48477B14-CEAA-47AA-98F1-EF935734DBC5}.Debug|x86.ActiveCfg = Debug|x86
		{48477B14-CEAA-47AA-98F1-EF935734DBC5}.Debug|x86.Build.0 = Debug|x86
		{48477B14-CEAA-47AA-98F1-EF935734DBC5}.Just Server|Any CPU.ActiveCfg = Release|Any CPU
		{48477B14-CEAA-47AA-98F1-EF935734DBC5}.Just Server|Any CPU.Build.0 = Release|Any CPU
		{48477B14-CEAA-47AA-98F1-EF935734DBC5}.Just Server|Mixed Platforms.ActiveCfg = Release|x86
		{48477B14-CEAA-47AA-98F1-EF935734DBC5}.Just Server|Mixed Platforms.Build.0 = Release|x86
		{48477B14-CEAA-47AA-98F1-EF935734DBC5}.Just Server|Win32.ActiveCfg = Release|x86
		{48477B14-CEAA-47AA-98F1-EF935734DBC5}.Just Server|Win32.Build.0 = Release|x86
		{48477B14-CEAA-47AA-98F1-EF935734DBC5}.Just Server|x86.ActiveCfg = Release|x86
		{48477B14-CEAA-47AA-98F1-EF935734DBC5}.Just Server|x86.Build.0 = Release|x86
		{48477B14-CEAA-47AA-98F1-EF935734DBC5}.net_2_0_Debug|Any CPU.ActiveCfg = Debug|Any CPU
		{48477B14-CEAA-47AA-98F1-EF935734DBC5}.net_2_0_Debug|Mixed Platforms.ActiveCfg = Debug|x86
		{48477B14-CEAA-47AA-98F1-EF935734DBC5}.net_2_0_Debug|Mixed Platforms.Build.0 = Debug|x86
		{48477B14-CEAA-47AA-98F1-EF935734DBC5}.net_2_0_Debug|Win32.ActiveCfg = Debug|x86
		{48477B14-CEAA-47AA-98F1-EF935734DBC5}.net_2_0_Debug|Win32.Build.0 = Debug|x86
		{48477B14-CEAA-47AA-98F1-EF935734DBC5}.net_2_0_Debug|x86.ActiveCfg = Debug|x86
		{48477B14-CEAA-47AA-98F1-EF935734DBC5}.net_2_0_Release|Any CPU.ActiveCfg = Release|Any CPU
		{48477B14-CEAA-47AA-98F1-EF935734DBC5}.net_2_0_Release|Mixed Platforms.ActiveCfg = Release|x86
		{48477B14-CEAA-47AA-98F1-EF935734DBC5}.net_2_0_Release|Mixed Platforms.Build.0 = Release|x86
		{48477B14-CEAA-47AA-98F1-EF935734DBC5}.net_2_0_Release|Win32.ActiveCfg = Release|x86
		{48477B14-CEAA-47AA-98F1-EF935734DBC5}.net_2_0_Release|Win32.Build.0 = Release|x86
		{48477B14-CEAA-47AA-98F1-EF935734DBC5}.net_2_0_Release|x86.ActiveCfg = Release|x86
		{48477B14-CEAA-47AA-98F1-EF935734DBC5}.net_3_5_Debug|Any CPU.ActiveCfg = Debug|Any CPU
		{48477B14-CEAA-47AA-98F1-EF935734DBC5}.net_3_5_Debug|Mixed Platforms.ActiveCfg = Debug|x86
		{48477B14-CEAA-47AA-98F1-EF935734DBC5}.net_3_5_Debug|Mixed Platforms.Build.0 = Debug|x86
		{48477B14-CEAA-47AA-98F1-EF935734DBC5}.net_3_5_Debug|Win32.ActiveCfg = Debug|x86
		{48477B14-CEAA-47AA-98F1-EF935734DBC5}.net_3_5_Debug|Win32.Build.0 = Debug|x86
		{48477B14-CEAA-47AA-98F1-EF935734DBC5}.net_3_5_Debug|x86.ActiveCfg = Debug|x86
		{48477B14-CEAA-47AA-98F1-EF935734DBC5}.net_3_5_Release|Any CPU.ActiveCfg = Release|Any CPU
		{48477B14-CEAA-47AA-98F1-EF935734DBC5}.net_3_5_Release|Mixed Platforms.ActiveCfg = Release|x86
		{48477B14-CEAA-47AA-98F1-EF935734DBC5}.net_3_5_Release|Mixed Platforms.Build.0 = Release|x86
		{48477B14-CEAA-47AA-98F1-EF935734DBC5}.net_3_5_Release|Win32.ActiveCfg = Release|x86
		{48477B14-CEAA-47AA-98F1-EF935734DBC5}.net_3_5_Release|Win32.Build.0 = Release|x86
		{48477B14-CEAA-47AA-98F1-EF935734DBC5}.net_3_5_Release|x86.ActiveCfg = Release|x86
		{48477B14-CEAA-47AA-98F1-EF935734DBC5}.net_4_0_Debug|Any CPU.ActiveCfg = Debug|Any CPU
		{48477B14-CEAA-47AA-98F1-EF935734DBC5}.net_4_0_Debug|Mixed Platforms.ActiveCfg = Debug|x86
		{48477B14-CEAA-47AA-98F1-EF935734DBC5}.net_4_0_Debug|Mixed Platforms.Build.0 = Debug|x86
		{48477B14-CEAA-47AA-98F1-EF935734DBC5}.net_4_0_Debug|Win32.ActiveCfg = Debug|x86
		{48477B14-CEAA-47AA-98F1-EF935734DBC5}.net_4_0_Debug|Win32.Build.0 = Debug|x86
		{48477B14-CEAA-47AA-98F1-EF935734DBC5}.net_4_0_Debug|x86.ActiveCfg = Debug|x86
		{48477B14-CEAA-47AA-98F1-EF935734DBC5}.net_4_0_Release|Any CPU.ActiveCfg = Release|Any CPU
		{48477B14-CEAA-47AA-98F1-EF935734DBC5}.net_4_0_Release|Mixed Platforms.ActiveCfg = Release|x86
		{48477B14-CEAA-47AA-98F1-EF935734DBC5}.net_4_0_Release|Mixed Platforms.Build.0 = Release|x86
		{48477B14-CEAA-47AA-98F1-EF935734DBC5}.net_4_0_Release|Win32.ActiveCfg = Release|x86
		{48477B14-CEAA-47AA-98F1-EF935734DBC5}.net_4_0_Release|Win32.Build.0 = Release|x86
		{48477B14-CEAA-47AA-98F1-EF935734DBC5}.net_4_0_Release|x86.ActiveCfg = Release|x86
		{48477B14-CEAA-47AA-98F1-EF935734DBC5}.net_4_5_Debug|Any CPU.ActiveCfg = Debug|Any CPU
		{48477B14-CEAA-47AA-98F1-EF935734DBC5}.net_4_5_Debug|Mixed Platforms.ActiveCfg = Debug|x86
		{48477B14-CEAA-47AA-98F1-EF935734DBC5}.net_4_5_Debug|Mixed Platforms.Build.0 = Debug|x86
		{48477B14-CEAA-47AA-98F1-EF935734DBC5}.net_4_5_Debug|Win32.ActiveCfg = Debug|x86
		{48477B14-CEAA-47AA-98F1-EF935734DBC5}.net_4_5_Debug|Win32.Build.0 = Debug|x86
		{48477B14-CEAA-47AA-98F1-EF935734DBC5}.net_4_5_Debug|x86.ActiveCfg = Debug|x86
		{48477B14-CEAA-47AA-98F1-EF935734DBC5}.net_4_5_Release|Any CPU.ActiveCfg = Release|Any CPU
		{48477B14-CEAA-47AA-98F1-EF935734DBC5}.net_4_5_Release|Mixed Platforms.ActiveCfg = Release|x86
		{48477B14-CEAA-47AA-98F1-EF935734DBC5}.net_4_5_Release|Mixed Platforms.Build.0 = Release|x86
		{48477B14-CEAA-47AA-98F1-EF935734DBC5}.net_4_5_Release|Win32.ActiveCfg = Release|x86
		{48477B14-CEAA-47AA-98F1-EF935734DBC5}.net_4_5_Release|Win32.Build.0 = Release|x86
		{48477B14-CEAA-47AA-98F1-EF935734DBC5}.net_4_5_Release|x86.ActiveCfg = Release|x86
		{48477B14-CEAA-47AA-98F1-EF935734DBC5}.Release|Any CPU.ActiveCfg = Release|Any CPU
		{48477B14-CEAA-47AA-98F1-EF935734DBC5}.Release|Any CPU.Build.0 = Release|Any CPU
		{48477B14-CEAA-47AA-98F1-EF935734DBC5}.Release|Mixed Platforms.ActiveCfg = Release|x86
		{48477B14-CEAA-47AA-98F1-EF935734DBC5}.Release|Mixed Platforms.Build.0 = Release|x86
		{48477B14-CEAA-47AA-98F1-EF935734DBC5}.Release|Win32.ActiveCfg = Release|x86
		{48477B14-CEAA-47AA-98F1-EF935734DBC5}.Release|Win32.Build.0 = Release|x86
		{48477B14-CEAA-47AA-98F1-EF935734DBC5}.Release|x86.ActiveCfg = Release|x86
		{48477B14-CEAA-47AA-98F1-EF935734DBC5}.Release|x86.Build.0 = Release|x86
		{48477B14-CEAA-47AA-98F1-EF935734DBC5}.silverlight_Debug|Any CPU.ActiveCfg = Debug|Any CPU
		{48477B14-CEAA-47AA-98F1-EF935734DBC5}.silverlight_Debug|Mixed Platforms.ActiveCfg = Debug|x86
		{48477B14-CEAA-47AA-98F1-EF935734DBC5}.silverlight_Debug|Mixed Platforms.Build.0 = Debug|x86
		{48477B14-CEAA-47AA-98F1-EF935734DBC5}.silverlight_Debug|Win32.ActiveCfg = Debug|x86
		{48477B14-CEAA-47AA-98F1-EF935734DBC5}.silverlight_Debug|Win32.Build.0 = Debug|x86
		{48477B14-CEAA-47AA-98F1-EF935734DBC5}.silverlight_Debug|x86.ActiveCfg = Debug|x86
		{48477B14-CEAA-47AA-98F1-EF935734DBC5}.silverlight_Release|Any CPU.ActiveCfg = Release|Any CPU
		{48477B14-CEAA-47AA-98F1-EF935734DBC5}.silverlight_Release|Mixed Platforms.ActiveCfg = Release|x86
		{48477B14-CEAA-47AA-98F1-EF935734DBC5}.silverlight_Release|Mixed Platforms.Build.0 = Release|x86
		{48477B14-CEAA-47AA-98F1-EF935734DBC5}.silverlight_Release|Win32.ActiveCfg = Release|x86
		{48477B14-CEAA-47AA-98F1-EF935734DBC5}.silverlight_Release|Win32.Build.0 = Release|x86
		{48477B14-CEAA-47AA-98F1-EF935734DBC5}.silverlight_Release|x86.ActiveCfg = Release|x86
		{48477B14-CEAA-47AA-98F1-EF935734DBC5}.winphone_Debug|Any CPU.ActiveCfg = Debug|Any CPU
		{48477B14-CEAA-47AA-98F1-EF935734DBC5}.winphone_Debug|Mixed Platforms.ActiveCfg = Debug|x86
		{48477B14-CEAA-47AA-98F1-EF935734DBC5}.winphone_Debug|Mixed Platforms.Build.0 = Debug|x86
		{48477B14-CEAA-47AA-98F1-EF935734DBC5}.winphone_Debug|Win32.ActiveCfg = Debug|x86
		{48477B14-CEAA-47AA-98F1-EF935734DBC5}.winphone_Debug|Win32.Build.0 = Debug|x86
		{48477B14-CEAA-47AA-98F1-EF935734DBC5}.winphone_Debug|x86.ActiveCfg = Debug|x86
		{48477B14-CEAA-47AA-98F1-EF935734DBC5}.winphone_Release|Any CPU.ActiveCfg = Release|Any CPU
		{48477B14-CEAA-47AA-98F1-EF935734DBC5}.winphone_Release|Mixed Platforms.ActiveCfg = Release|x86
		{48477B14-CEAA-47AA-98F1-EF935734DBC5}.winphone_Release|Mixed Platforms.Build.0 = Release|x86
		{48477B14-CEAA-47AA-98F1-EF935734DBC5}.winphone_Release|Win32.ActiveCfg = Release|x86
		{48477B14-CEAA-47AA-98F1-EF935734DBC5}.winphone_Release|Win32.Build.0 = Release|x86
		{48477B14-CEAA-47AA-98F1-EF935734DBC5}.winphone_Release|x86.ActiveCfg = Release|x86
		{A1F792B2-5D80-4DE4-B5DB-7A05DBEABD60}.Debug|Any CPU.ActiveCfg = Debug|Any CPU
		{A1F792B2-5D80-4DE4-B5DB-7A05DBEABD60}.Debug|Any CPU.Build.0 = Debug|Any CPU
		{A1F792B2-5D80-4DE4-B5DB-7A05DBEABD60}.Debug|Mixed Platforms.ActiveCfg = Debug|x86
		{A1F792B2-5D80-4DE4-B5DB-7A05DBEABD60}.Debug|Mixed Platforms.Build.0 = Debug|x86
		{A1F792B2-5D80-4DE4-B5DB-7A05DBEABD60}.Debug|Win32.ActiveCfg = Debug|x86
		{A1F792B2-5D80-4DE4-B5DB-7A05DBEABD60}.Debug|Win32.Build.0 = Debug|x86
		{A1F792B2-5D80-4DE4-B5DB-7A05DBEABD60}.Debug|x86.ActiveCfg = Debug|x86
		{A1F792B2-5D80-4DE4-B5DB-7A05DBEABD60}.Debug|x86.Build.0 = Debug|x86
		{A1F792B2-5D80-4DE4-B5DB-7A05DBEABD60}.Just Server|Any CPU.ActiveCfg = Release|Any CPU
		{A1F792B2-5D80-4DE4-B5DB-7A05DBEABD60}.Just Server|Any CPU.Build.0 = Release|Any CPU
		{A1F792B2-5D80-4DE4-B5DB-7A05DBEABD60}.Just Server|Mixed Platforms.ActiveCfg = Release|x86
		{A1F792B2-5D80-4DE4-B5DB-7A05DBEABD60}.Just Server|Mixed Platforms.Build.0 = Release|x86
		{A1F792B2-5D80-4DE4-B5DB-7A05DBEABD60}.Just Server|Win32.ActiveCfg = Release|x86
		{A1F792B2-5D80-4DE4-B5DB-7A05DBEABD60}.Just Server|Win32.Build.0 = Release|x86
		{A1F792B2-5D80-4DE4-B5DB-7A05DBEABD60}.Just Server|x86.ActiveCfg = Release|x86
		{A1F792B2-5D80-4DE4-B5DB-7A05DBEABD60}.Just Server|x86.Build.0 = Release|x86
		{A1F792B2-5D80-4DE4-B5DB-7A05DBEABD60}.net_2_0_Debug|Any CPU.ActiveCfg = Debug|Any CPU
		{A1F792B2-5D80-4DE4-B5DB-7A05DBEABD60}.net_2_0_Debug|Any CPU.Build.0 = Debug|Any CPU
		{A1F792B2-5D80-4DE4-B5DB-7A05DBEABD60}.net_2_0_Debug|Mixed Platforms.ActiveCfg = Debug|x86
		{A1F792B2-5D80-4DE4-B5DB-7A05DBEABD60}.net_2_0_Debug|Mixed Platforms.Build.0 = Debug|x86
		{A1F792B2-5D80-4DE4-B5DB-7A05DBEABD60}.net_2_0_Debug|Win32.ActiveCfg = Debug|x86
		{A1F792B2-5D80-4DE4-B5DB-7A05DBEABD60}.net_2_0_Debug|Win32.Build.0 = Debug|x86
		{A1F792B2-5D80-4DE4-B5DB-7A05DBEABD60}.net_2_0_Debug|x86.ActiveCfg = Debug|x86
		{A1F792B2-5D80-4DE4-B5DB-7A05DBEABD60}.net_2_0_Debug|x86.Build.0 = Debug|x86
		{A1F792B2-5D80-4DE4-B5DB-7A05DBEABD60}.net_2_0_Release|Any CPU.ActiveCfg = Release|Any CPU
		{A1F792B2-5D80-4DE4-B5DB-7A05DBEABD60}.net_2_0_Release|Any CPU.Build.0 = Release|Any CPU
		{A1F792B2-5D80-4DE4-B5DB-7A05DBEABD60}.net_2_0_Release|Mixed Platforms.ActiveCfg = Release|x86
		{A1F792B2-5D80-4DE4-B5DB-7A05DBEABD60}.net_2_0_Release|Mixed Platforms.Build.0 = Release|x86
		{A1F792B2-5D80-4DE4-B5DB-7A05DBEABD60}.net_2_0_Release|Win32.ActiveCfg = Release|x86
		{A1F792B2-5D80-4DE4-B5DB-7A05DBEABD60}.net_2_0_Release|Win32.Build.0 = Release|x86
		{A1F792B2-5D80-4DE4-B5DB-7A05DBEABD60}.net_2_0_Release|x86.ActiveCfg = Release|x86
		{A1F792B2-5D80-4DE4-B5DB-7A05DBEABD60}.net_2_0_Release|x86.Build.0 = Release|x86
		{A1F792B2-5D80-4DE4-B5DB-7A05DBEABD60}.net_3_5_Debug|Any CPU.ActiveCfg = Debug|Any CPU
		{A1F792B2-5D80-4DE4-B5DB-7A05DBEABD60}.net_3_5_Debug|Any CPU.Build.0 = Debug|Any CPU
		{A1F792B2-5D80-4DE4-B5DB-7A05DBEABD60}.net_3_5_Debug|Mixed Platforms.ActiveCfg = Debug|x86
		{A1F792B2-5D80-4DE4-B5DB-7A05DBEABD60}.net_3_5_Debug|Mixed Platforms.Build.0 = Debug|x86
		{A1F792B2-5D80-4DE4-B5DB-7A05DBEABD60}.net_3_5_Debug|Win32.ActiveCfg = Debug|x86
		{A1F792B2-5D80-4DE4-B5DB-7A05DBEABD60}.net_3_5_Debug|Win32.Build.0 = Debug|x86
		{A1F792B2-5D80-4DE4-B5DB-7A05DBEABD60}.net_3_5_Debug|x86.ActiveCfg = Debug|x86
		{A1F792B2-5D80-4DE4-B5DB-7A05DBEABD60}.net_3_5_Debug|x86.Build.0 = Debug|x86
		{A1F792B2-5D80-4DE4-B5DB-7A05DBEABD60}.net_3_5_Release|Any CPU.ActiveCfg = Release|Any CPU
		{A1F792B2-5D80-4DE4-B5DB-7A05DBEABD60}.net_3_5_Release|Any CPU.Build.0 = Release|Any CPU
		{A1F792B2-5D80-4DE4-B5DB-7A05DBEABD60}.net_3_5_Release|Mixed Platforms.ActiveCfg = Release|x86
		{A1F792B2-5D80-4DE4-B5DB-7A05DBEABD60}.net_3_5_Release|Mixed Platforms.Build.0 = Release|x86
		{A1F792B2-5D80-4DE4-B5DB-7A05DBEABD60}.net_3_5_Release|Win32.ActiveCfg = Release|x86
		{A1F792B2-5D80-4DE4-B5DB-7A05DBEABD60}.net_3_5_Release|Win32.Build.0 = Release|x86
		{A1F792B2-5D80-4DE4-B5DB-7A05DBEABD60}.net_3_5_Release|x86.ActiveCfg = Release|x86
		{A1F792B2-5D80-4DE4-B5DB-7A05DBEABD60}.net_3_5_Release|x86.Build.0 = Release|x86
		{A1F792B2-5D80-4DE4-B5DB-7A05DBEABD60}.net_4_0_Debug|Any CPU.ActiveCfg = Debug|Any CPU
		{A1F792B2-5D80-4DE4-B5DB-7A05DBEABD60}.net_4_0_Debug|Any CPU.Build.0 = Debug|Any CPU
		{A1F792B2-5D80-4DE4-B5DB-7A05DBEABD60}.net_4_0_Debug|Mixed Platforms.ActiveCfg = Debug|x86
		{A1F792B2-5D80-4DE4-B5DB-7A05DBEABD60}.net_4_0_Debug|Mixed Platforms.Build.0 = Debug|x86
		{A1F792B2-5D80-4DE4-B5DB-7A05DBEABD60}.net_4_0_Debug|Win32.ActiveCfg = Debug|x86
		{A1F792B2-5D80-4DE4-B5DB-7A05DBEABD60}.net_4_0_Debug|Win32.Build.0 = Debug|x86
		{A1F792B2-5D80-4DE4-B5DB-7A05DBEABD60}.net_4_0_Debug|x86.ActiveCfg = Debug|x86
		{A1F792B2-5D80-4DE4-B5DB-7A05DBEABD60}.net_4_0_Debug|x86.Build.0 = Debug|x86
		{A1F792B2-5D80-4DE4-B5DB-7A05DBEABD60}.net_4_0_Release|Any CPU.ActiveCfg = Release|Any CPU
		{A1F792B2-5D80-4DE4-B5DB-7A05DBEABD60}.net_4_0_Release|Any CPU.Build.0 = Release|Any CPU
		{A1F792B2-5D80-4DE4-B5DB-7A05DBEABD60}.net_4_0_Release|Mixed Platforms.ActiveCfg = Release|x86
		{A1F792B2-5D80-4DE4-B5DB-7A05DBEABD60}.net_4_0_Release|Mixed Platforms.Build.0 = Release|x86
		{A1F792B2-5D80-4DE4-B5DB-7A05DBEABD60}.net_4_0_Release|Win32.ActiveCfg = Release|x86
		{A1F792B2-5D80-4DE4-B5DB-7A05DBEABD60}.net_4_0_Release|Win32.Build.0 = Release|x86
		{A1F792B2-5D80-4DE4-B5DB-7A05DBEABD60}.net_4_0_Release|x86.ActiveCfg = Release|x86
		{A1F792B2-5D80-4DE4-B5DB-7A05DBEABD60}.net_4_0_Release|x86.Build.0 = Release|x86
		{A1F792B2-5D80-4DE4-B5DB-7A05DBEABD60}.net_4_5_Debug|Any CPU.ActiveCfg = Debug|Any CPU
		{A1F792B2-5D80-4DE4-B5DB-7A05DBEABD60}.net_4_5_Debug|Any CPU.Build.0 = Debug|Any CPU
		{A1F792B2-5D80-4DE4-B5DB-7A05DBEABD60}.net_4_5_Debug|Mixed Platforms.ActiveCfg = Debug|x86
		{A1F792B2-5D80-4DE4-B5DB-7A05DBEABD60}.net_4_5_Debug|Mixed Platforms.Build.0 = Debug|x86
		{A1F792B2-5D80-4DE4-B5DB-7A05DBEABD60}.net_4_5_Debug|Win32.ActiveCfg = Debug|x86
		{A1F792B2-5D80-4DE4-B5DB-7A05DBEABD60}.net_4_5_Debug|Win32.Build.0 = Debug|x86
		{A1F792B2-5D80-4DE4-B5DB-7A05DBEABD60}.net_4_5_Debug|x86.ActiveCfg = Debug|x86
		{A1F792B2-5D80-4DE4-B5DB-7A05DBEABD60}.net_4_5_Debug|x86.Build.0 = Debug|x86
		{A1F792B2-5D80-4DE4-B5DB-7A05DBEABD60}.net_4_5_Release|Any CPU.ActiveCfg = Release|Any CPU
		{A1F792B2-5D80-4DE4-B5DB-7A05DBEABD60}.net_4_5_Release|Any CPU.Build.0 = Release|Any CPU
		{A1F792B2-5D80-4DE4-B5DB-7A05DBEABD60}.net_4_5_Release|Mixed Platforms.ActiveCfg = Release|x86
		{A1F792B2-5D80-4DE4-B5DB-7A05DBEABD60}.net_4_5_Release|Mixed Platforms.Build.0 = Release|x86
		{A1F792B2-5D80-4DE4-B5DB-7A05DBEABD60}.net_4_5_Release|Win32.ActiveCfg = Release|x86
		{A1F792B2-5D80-4DE4-B5DB-7A05DBEABD60}.net_4_5_Release|Win32.Build.0 = Release|x86
		{A1F792B2-5D80-4DE4-B5DB-7A05DBEABD60}.net_4_5_Release|x86.ActiveCfg = Release|x86
		{A1F792B2-5D80-4DE4-B5DB-7A05DBEABD60}.net_4_5_Release|x86.Build.0 = Release|x86
		{A1F792B2-5D80-4DE4-B5DB-7A05DBEABD60}.Release|Any CPU.ActiveCfg = Release|Any CPU
		{A1F792B2-5D80-4DE4-B5DB-7A05DBEABD60}.Release|Any CPU.Build.0 = Release|Any CPU
		{A1F792B2-5D80-4DE4-B5DB-7A05DBEABD60}.Release|Mixed Platforms.ActiveCfg = Release|x86
		{A1F792B2-5D80-4DE4-B5DB-7A05DBEABD60}.Release|Mixed Platforms.Build.0 = Release|x86
		{A1F792B2-5D80-4DE4-B5DB-7A05DBEABD60}.Release|Win32.ActiveCfg = Release|x86
		{A1F792B2-5D80-4DE4-B5DB-7A05DBEABD60}.Release|Win32.Build.0 = Release|x86
		{A1F792B2-5D80-4DE4-B5DB-7A05DBEABD60}.Release|x86.ActiveCfg = Release|x86
		{A1F792B2-5D80-4DE4-B5DB-7A05DBEABD60}.Release|x86.Build.0 = Release|x86
		{A1F792B2-5D80-4DE4-B5DB-7A05DBEABD60}.silverlight_Debug|Any CPU.ActiveCfg = Debug|Any CPU
		{A1F792B2-5D80-4DE4-B5DB-7A05DBEABD60}.silverlight_Debug|Any CPU.Build.0 = Debug|Any CPU
		{A1F792B2-5D80-4DE4-B5DB-7A05DBEABD60}.silverlight_Debug|Mixed Platforms.ActiveCfg = Debug|x86
		{A1F792B2-5D80-4DE4-B5DB-7A05DBEABD60}.silverlight_Debug|Mixed Platforms.Build.0 = Debug|x86
		{A1F792B2-5D80-4DE4-B5DB-7A05DBEABD60}.silverlight_Debug|Win32.ActiveCfg = Debug|x86
		{A1F792B2-5D80-4DE4-B5DB-7A05DBEABD60}.silverlight_Debug|Win32.Build.0 = Debug|x86
		{A1F792B2-5D80-4DE4-B5DB-7A05DBEABD60}.silverlight_Debug|x86.ActiveCfg = Debug|x86
		{A1F792B2-5D80-4DE4-B5DB-7A05DBEABD60}.silverlight_Debug|x86.Build.0 = Debug|x86
		{A1F792B2-5D80-4DE4-B5DB-7A05DBEABD60}.silverlight_Release|Any CPU.ActiveCfg = Release|Any CPU
		{A1F792B2-5D80-4DE4-B5DB-7A05DBEABD60}.silverlight_Release|Any CPU.Build.0 = Release|Any CPU
		{A1F792B2-5D80-4DE4-B5DB-7A05DBEABD60}.silverlight_Release|Mixed Platforms.ActiveCfg = Release|x86
		{A1F792B2-5D80-4DE4-B5DB-7A05DBEABD60}.silverlight_Release|Mixed Platforms.Build.0 = Release|x86
		{A1F792B2-5D80-4DE4-B5DB-7A05DBEABD60}.silverlight_Release|Win32.ActiveCfg = Release|x86
		{A1F792B2-5D80-4DE4-B5DB-7A05DBEABD60}.silverlight_Release|Win32.Build.0 = Release|x86
		{A1F792B2-5D80-4DE4-B5DB-7A05DBEABD60}.silverlight_Release|x86.ActiveCfg = Release|x86
		{A1F792B2-5D80-4DE4-B5DB-7A05DBEABD60}.silverlight_Release|x86.Build.0 = Release|x86
		{A1F792B2-5D80-4DE4-B5DB-7A05DBEABD60}.winphone_Debug|Any CPU.ActiveCfg = Debug|Any CPU
		{A1F792B2-5D80-4DE4-B5DB-7A05DBEABD60}.winphone_Debug|Any CPU.Build.0 = Debug|Any CPU
		{A1F792B2-5D80-4DE4-B5DB-7A05DBEABD60}.winphone_Debug|Mixed Platforms.ActiveCfg = Debug|x86
		{A1F792B2-5D80-4DE4-B5DB-7A05DBEABD60}.winphone_Debug|Mixed Platforms.Build.0 = Debug|x86
		{A1F792B2-5D80-4DE4-B5DB-7A05DBEABD60}.winphone_Debug|Win32.ActiveCfg = Debug|x86
		{A1F792B2-5D80-4DE4-B5DB-7A05DBEABD60}.winphone_Debug|Win32.Build.0 = Debug|x86
		{A1F792B2-5D80-4DE4-B5DB-7A05DBEABD60}.winphone_Debug|x86.ActiveCfg = Debug|x86
		{A1F792B2-5D80-4DE4-B5DB-7A05DBEABD60}.winphone_Debug|x86.Build.0 = Debug|x86
		{A1F792B2-5D80-4DE4-B5DB-7A05DBEABD60}.winphone_Release|Any CPU.ActiveCfg = Release|Any CPU
		{A1F792B2-5D80-4DE4-B5DB-7A05DBEABD60}.winphone_Release|Any CPU.Build.0 = Release|Any CPU
		{A1F792B2-5D80-4DE4-B5DB-7A05DBEABD60}.winphone_Release|Mixed Platforms.ActiveCfg = Release|x86
		{A1F792B2-5D80-4DE4-B5DB-7A05DBEABD60}.winphone_Release|Mixed Platforms.Build.0 = Release|x86
		{A1F792B2-5D80-4DE4-B5DB-7A05DBEABD60}.winphone_Release|Win32.ActiveCfg = Release|x86
		{A1F792B2-5D80-4DE4-B5DB-7A05DBEABD60}.winphone_Release|Win32.Build.0 = Release|x86
		{A1F792B2-5D80-4DE4-B5DB-7A05DBEABD60}.winphone_Release|x86.ActiveCfg = Release|x86
		{A1F792B2-5D80-4DE4-B5DB-7A05DBEABD60}.winphone_Release|x86.Build.0 = Release|x86
		{C720D188-E30F-4DC8-99B9-A7B662067BD7}.Debug|Any CPU.ActiveCfg = Debug|Any CPU
		{C720D188-E30F-4DC8-99B9-A7B662067BD7}.Debug|Any CPU.Build.0 = Debug|Any CPU
		{C720D188-E30F-4DC8-99B9-A7B662067BD7}.Debug|Mixed Platforms.ActiveCfg = Debug|Any CPU
		{C720D188-E30F-4DC8-99B9-A7B662067BD7}.Debug|Mixed Platforms.Build.0 = Debug|Any CPU
		{C720D188-E30F-4DC8-99B9-A7B662067BD7}.Debug|Win32.ActiveCfg = Debug|Any CPU
		{C720D188-E30F-4DC8-99B9-A7B662067BD7}.Debug|Win32.Build.0 = Debug|Any CPU
		{C720D188-E30F-4DC8-99B9-A7B662067BD7}.Debug|x86.ActiveCfg = Debug|Any CPU
		{C720D188-E30F-4DC8-99B9-A7B662067BD7}.Debug|x86.Build.0 = Debug|Any CPU
		{C720D188-E30F-4DC8-99B9-A7B662067BD7}.Just Server|Any CPU.ActiveCfg = Release|Any CPU
		{C720D188-E30F-4DC8-99B9-A7B662067BD7}.Just Server|Any CPU.Build.0 = Release|Any CPU
		{C720D188-E30F-4DC8-99B9-A7B662067BD7}.Just Server|Mixed Platforms.ActiveCfg = Release|Any CPU
		{C720D188-E30F-4DC8-99B9-A7B662067BD7}.Just Server|Mixed Platforms.Build.0 = Release|Any CPU
		{C720D188-E30F-4DC8-99B9-A7B662067BD7}.Just Server|Win32.ActiveCfg = Release|Any CPU
		{C720D188-E30F-4DC8-99B9-A7B662067BD7}.Just Server|Win32.Build.0 = Release|Any CPU
		{C720D188-E30F-4DC8-99B9-A7B662067BD7}.Just Server|x86.ActiveCfg = Release|Any CPU
		{C720D188-E30F-4DC8-99B9-A7B662067BD7}.Just Server|x86.Build.0 = Release|Any CPU
		{C720D188-E30F-4DC8-99B9-A7B662067BD7}.net_2_0_Debug|Any CPU.ActiveCfg = Debug|Any CPU
		{C720D188-E30F-4DC8-99B9-A7B662067BD7}.net_2_0_Debug|Any CPU.Build.0 = Debug|Any CPU
		{C720D188-E30F-4DC8-99B9-A7B662067BD7}.net_2_0_Debug|Mixed Platforms.ActiveCfg = Debug|Any CPU
		{C720D188-E30F-4DC8-99B9-A7B662067BD7}.net_2_0_Debug|Mixed Platforms.Build.0 = Debug|Any CPU
		{C720D188-E30F-4DC8-99B9-A7B662067BD7}.net_2_0_Debug|Win32.ActiveCfg = Debug|Any CPU
		{C720D188-E30F-4DC8-99B9-A7B662067BD7}.net_2_0_Debug|Win32.Build.0 = Debug|Any CPU
		{C720D188-E30F-4DC8-99B9-A7B662067BD7}.net_2_0_Debug|x86.ActiveCfg = Debug|Any CPU
		{C720D188-E30F-4DC8-99B9-A7B662067BD7}.net_2_0_Debug|x86.Build.0 = Debug|Any CPU
		{C720D188-E30F-4DC8-99B9-A7B662067BD7}.net_2_0_Release|Any CPU.ActiveCfg = Release|Any CPU
		{C720D188-E30F-4DC8-99B9-A7B662067BD7}.net_2_0_Release|Any CPU.Build.0 = Release|Any CPU
		{C720D188-E30F-4DC8-99B9-A7B662067BD7}.net_2_0_Release|Mixed Platforms.ActiveCfg = Release|Any CPU
		{C720D188-E30F-4DC8-99B9-A7B662067BD7}.net_2_0_Release|Mixed Platforms.Build.0 = Release|Any CPU
		{C720D188-E30F-4DC8-99B9-A7B662067BD7}.net_2_0_Release|Win32.ActiveCfg = Release|Any CPU
		{C720D188-E30F-4DC8-99B9-A7B662067BD7}.net_2_0_Release|Win32.Build.0 = Release|Any CPU
		{C720D188-E30F-4DC8-99B9-A7B662067BD7}.net_2_0_Release|x86.ActiveCfg = Release|Any CPU
		{C720D188-E30F-4DC8-99B9-A7B662067BD7}.net_2_0_Release|x86.Build.0 = Release|Any CPU
		{C720D188-E30F-4DC8-99B9-A7B662067BD7}.net_3_5_Debug|Any CPU.ActiveCfg = Debug|Any CPU
		{C720D188-E30F-4DC8-99B9-A7B662067BD7}.net_3_5_Debug|Any CPU.Build.0 = Debug|Any CPU
		{C720D188-E30F-4DC8-99B9-A7B662067BD7}.net_3_5_Debug|Mixed Platforms.ActiveCfg = Debug|Any CPU
		{C720D188-E30F-4DC8-99B9-A7B662067BD7}.net_3_5_Debug|Mixed Platforms.Build.0 = Debug|Any CPU
		{C720D188-E30F-4DC8-99B9-A7B662067BD7}.net_3_5_Debug|Win32.ActiveCfg = Debug|Any CPU
		{C720D188-E30F-4DC8-99B9-A7B662067BD7}.net_3_5_Debug|Win32.Build.0 = Debug|Any CPU
		{C720D188-E30F-4DC8-99B9-A7B662067BD7}.net_3_5_Debug|x86.ActiveCfg = Debug|Any CPU
		{C720D188-E30F-4DC8-99B9-A7B662067BD7}.net_3_5_Debug|x86.Build.0 = Debug|Any CPU
		{C720D188-E30F-4DC8-99B9-A7B662067BD7}.net_3_5_Release|Any CPU.ActiveCfg = Release|Any CPU
		{C720D188-E30F-4DC8-99B9-A7B662067BD7}.net_3_5_Release|Any CPU.Build.0 = Release|Any CPU
		{C720D188-E30F-4DC8-99B9-A7B662067BD7}.net_3_5_Release|Mixed Platforms.ActiveCfg = Release|Any CPU
		{C720D188-E30F-4DC8-99B9-A7B662067BD7}.net_3_5_Release|Mixed Platforms.Build.0 = Release|Any CPU
		{C720D188-E30F-4DC8-99B9-A7B662067BD7}.net_3_5_Release|Win32.ActiveCfg = Release|Any CPU
		{C720D188-E30F-4DC8-99B9-A7B662067BD7}.net_3_5_Release|Win32.Build.0 = Release|Any CPU
		{C720D188-E30F-4DC8-99B9-A7B662067BD7}.net_3_5_Release|x86.ActiveCfg = Release|Any CPU
		{C720D188-E30F-4DC8-99B9-A7B662067BD7}.net_3_5_Release|x86.Build.0 = Release|Any CPU
		{C720D188-E30F-4DC8-99B9-A7B662067BD7}.net_4_0_Debug|Any CPU.ActiveCfg = Debug|Any CPU
		{C720D188-E30F-4DC8-99B9-A7B662067BD7}.net_4_0_Debug|Any CPU.Build.0 = Debug|Any CPU
		{C720D188-E30F-4DC8-99B9-A7B662067BD7}.net_4_0_Debug|Mixed Platforms.ActiveCfg = Debug|Any CPU
		{C720D188-E30F-4DC8-99B9-A7B662067BD7}.net_4_0_Debug|Mixed Platforms.Build.0 = Debug|Any CPU
		{C720D188-E30F-4DC8-99B9-A7B662067BD7}.net_4_0_Debug|Win32.ActiveCfg = Debug|Any CPU
		{C720D188-E30F-4DC8-99B9-A7B662067BD7}.net_4_0_Debug|Win32.Build.0 = Debug|Any CPU
		{C720D188-E30F-4DC8-99B9-A7B662067BD7}.net_4_0_Debug|x86.ActiveCfg = Debug|Any CPU
		{C720D188-E30F-4DC8-99B9-A7B662067BD7}.net_4_0_Debug|x86.Build.0 = Debug|Any CPU
		{C720D188-E30F-4DC8-99B9-A7B662067BD7}.net_4_0_Release|Any CPU.ActiveCfg = Release|Any CPU
		{C720D188-E30F-4DC8-99B9-A7B662067BD7}.net_4_0_Release|Any CPU.Build.0 = Release|Any CPU
		{C720D188-E30F-4DC8-99B9-A7B662067BD7}.net_4_0_Release|Mixed Platforms.ActiveCfg = Release|Any CPU
		{C720D188-E30F-4DC8-99B9-A7B662067BD7}.net_4_0_Release|Mixed Platforms.Build.0 = Release|Any CPU
		{C720D188-E30F-4DC8-99B9-A7B662067BD7}.net_4_0_Release|Win32.ActiveCfg = Release|Any CPU
		{C720D188-E30F-4DC8-99B9-A7B662067BD7}.net_4_0_Release|Win32.Build.0 = Release|Any CPU
		{C720D188-E30F-4DC8-99B9-A7B662067BD7}.net_4_0_Release|x86.ActiveCfg = Release|Any CPU
		{C720D188-E30F-4DC8-99B9-A7B662067BD7}.net_4_0_Release|x86.Build.0 = Release|Any CPU
		{C720D188-E30F-4DC8-99B9-A7B662067BD7}.net_4_5_Debug|Any CPU.ActiveCfg = Debug|Any CPU
		{C720D188-E30F-4DC8-99B9-A7B662067BD7}.net_4_5_Debug|Any CPU.Build.0 = Debug|Any CPU
		{C720D188-E30F-4DC8-99B9-A7B662067BD7}.net_4_5_Debug|Mixed Platforms.ActiveCfg = Debug|Any CPU
		{C720D188-E30F-4DC8-99B9-A7B662067BD7}.net_4_5_Debug|Mixed Platforms.Build.0 = Debug|Any CPU
		{C720D188-E30F-4DC8-99B9-A7B662067BD7}.net_4_5_Debug|Win32.ActiveCfg = Debug|Any CPU
		{C720D188-E30F-4DC8-99B9-A7B662067BD7}.net_4_5_Debug|Win32.Build.0 = Debug|Any CPU
		{C720D188-E30F-4DC8-99B9-A7B662067BD7}.net_4_5_Debug|x86.ActiveCfg = Debug|Any CPU
		{C720D188-E30F-4DC8-99B9-A7B662067BD7}.net_4_5_Debug|x86.Build.0 = Debug|Any CPU
		{C720D188-E30F-4DC8-99B9-A7B662067BD7}.net_4_5_Release|Any CPU.ActiveCfg = Release|Any CPU
		{C720D188-E30F-4DC8-99B9-A7B662067BD7}.net_4_5_Release|Any CPU.Build.0 = Release|Any CPU
		{C720D188-E30F-4DC8-99B9-A7B662067BD7}.net_4_5_Release|Mixed Platforms.ActiveCfg = Release|Any CPU
		{C720D188-E30F-4DC8-99B9-A7B662067BD7}.net_4_5_Release|Mixed Platforms.Build.0 = Release|Any CPU
		{C720D188-E30F-4DC8-99B9-A7B662067BD7}.net_4_5_Release|Win32.ActiveCfg = Release|Any CPU
		{C720D188-E30F-4DC8-99B9-A7B662067BD7}.net_4_5_Release|Win32.Build.0 = Release|Any CPU
		{C720D188-E30F-4DC8-99B9-A7B662067BD7}.net_4_5_Release|x86.ActiveCfg = Release|Any CPU
		{C720D188-E30F-4DC8-99B9-A7B662067BD7}.net_4_5_Release|x86.Build.0 = Release|Any CPU
		{C720D188-E30F-4DC8-99B9-A7B662067BD7}.Release|Any CPU.ActiveCfg = Release|Any CPU
		{C720D188-E30F-4DC8-99B9-A7B662067BD7}.Release|Any CPU.Build.0 = Release|Any CPU
		{C720D188-E30F-4DC8-99B9-A7B662067BD7}.Release|Mixed Platforms.ActiveCfg = Release|Any CPU
		{C720D188-E30F-4DC8-99B9-A7B662067BD7}.Release|Mixed Platforms.Build.0 = Release|Any CPU
		{C720D188-E30F-4DC8-99B9-A7B662067BD7}.Release|Win32.ActiveCfg = Release|Any CPU
		{C720D188-E30F-4DC8-99B9-A7B662067BD7}.Release|Win32.Build.0 = Release|Any CPU
		{C720D188-E30F-4DC8-99B9-A7B662067BD7}.Release|x86.ActiveCfg = Release|Any CPU
		{C720D188-E30F-4DC8-99B9-A7B662067BD7}.Release|x86.Build.0 = Release|Any CPU
		{C720D188-E30F-4DC8-99B9-A7B662067BD7}.silverlight_Debug|Any CPU.ActiveCfg = Debug|Any CPU
		{C720D188-E30F-4DC8-99B9-A7B662067BD7}.silverlight_Debug|Any CPU.Build.0 = Debug|Any CPU
		{C720D188-E30F-4DC8-99B9-A7B662067BD7}.silverlight_Debug|Mixed Platforms.ActiveCfg = Debug|Any CPU
		{C720D188-E30F-4DC8-99B9-A7B662067BD7}.silverlight_Debug|Mixed Platforms.Build.0 = Debug|Any CPU
		{C720D188-E30F-4DC8-99B9-A7B662067BD7}.silverlight_Debug|Win32.ActiveCfg = Debug|Any CPU
		{C720D188-E30F-4DC8-99B9-A7B662067BD7}.silverlight_Debug|Win32.Build.0 = Debug|Any CPU
		{C720D188-E30F-4DC8-99B9-A7B662067BD7}.silverlight_Debug|x86.ActiveCfg = Debug|Any CPU
		{C720D188-E30F-4DC8-99B9-A7B662067BD7}.silverlight_Debug|x86.Build.0 = Debug|Any CPU
		{C720D188-E30F-4DC8-99B9-A7B662067BD7}.silverlight_Release|Any CPU.ActiveCfg = Release|Any CPU
		{C720D188-E30F-4DC8-99B9-A7B662067BD7}.silverlight_Release|Any CPU.Build.0 = Release|Any CPU
		{C720D188-E30F-4DC8-99B9-A7B662067BD7}.silverlight_Release|Mixed Platforms.ActiveCfg = Release|Any CPU
		{C720D188-E30F-4DC8-99B9-A7B662067BD7}.silverlight_Release|Mixed Platforms.Build.0 = Release|Any CPU
		{C720D188-E30F-4DC8-99B9-A7B662067BD7}.silverlight_Release|Win32.ActiveCfg = Release|Any CPU
		{C720D188-E30F-4DC8-99B9-A7B662067BD7}.silverlight_Release|Win32.Build.0 = Release|Any CPU
		{C720D188-E30F-4DC8-99B9-A7B662067BD7}.silverlight_Release|x86.ActiveCfg = Release|Any CPU
		{C720D188-E30F-4DC8-99B9-A7B662067BD7}.silverlight_Release|x86.Build.0 = Release|Any CPU
		{C720D188-E30F-4DC8-99B9-A7B662067BD7}.winphone_Debug|Any CPU.ActiveCfg = Debug|Any CPU
		{C720D188-E30F-4DC8-99B9-A7B662067BD7}.winphone_Debug|Any CPU.Build.0 = Debug|Any CPU
		{C720D188-E30F-4DC8-99B9-A7B662067BD7}.winphone_Debug|Mixed Platforms.ActiveCfg = Debug|Any CPU
		{C720D188-E30F-4DC8-99B9-A7B662067BD7}.winphone_Debug|Mixed Platforms.Build.0 = Debug|Any CPU
		{C720D188-E30F-4DC8-99B9-A7B662067BD7}.winphone_Debug|Win32.ActiveCfg = Debug|Any CPU
		{C720D188-E30F-4DC8-99B9-A7B662067BD7}.winphone_Debug|Win32.Build.0 = Debug|Any CPU
		{C720D188-E30F-4DC8-99B9-A7B662067BD7}.winphone_Debug|x86.ActiveCfg = Debug|Any CPU
		{C720D188-E30F-4DC8-99B9-A7B662067BD7}.winphone_Debug|x86.Build.0 = Debug|Any CPU
		{C720D188-E30F-4DC8-99B9-A7B662067BD7}.winphone_Release|Any CPU.ActiveCfg = Release|Any CPU
		{C720D188-E30F-4DC8-99B9-A7B662067BD7}.winphone_Release|Any CPU.Build.0 = Release|Any CPU
		{C720D188-E30F-4DC8-99B9-A7B662067BD7}.winphone_Release|Mixed Platforms.ActiveCfg = Release|Any CPU
		{C720D188-E30F-4DC8-99B9-A7B662067BD7}.winphone_Release|Mixed Platforms.Build.0 = Release|Any CPU
		{C720D188-E30F-4DC8-99B9-A7B662067BD7}.winphone_Release|Win32.ActiveCfg = Release|Any CPU
		{C720D188-E30F-4DC8-99B9-A7B662067BD7}.winphone_Release|Win32.Build.0 = Release|Any CPU
		{C720D188-E30F-4DC8-99B9-A7B662067BD7}.winphone_Release|x86.ActiveCfg = Release|Any CPU
		{C720D188-E30F-4DC8-99B9-A7B662067BD7}.winphone_Release|x86.Build.0 = Release|Any CPU
		{C72B65EB-6789-4B7E-BCED-4382E3B99F7B}.Debug|Any CPU.ActiveCfg = Debug|Any CPU
		{C72B65EB-6789-4B7E-BCED-4382E3B99F7B}.Debug|Any CPU.Build.0 = Debug|Any CPU
		{C72B65EB-6789-4B7E-BCED-4382E3B99F7B}.Debug|Mixed Platforms.ActiveCfg = Debug|Any CPU
		{C72B65EB-6789-4B7E-BCED-4382E3B99F7B}.Debug|Mixed Platforms.Build.0 = Debug|Any CPU
		{C72B65EB-6789-4B7E-BCED-4382E3B99F7B}.Debug|Win32.ActiveCfg = Debug|Any CPU
		{C72B65EB-6789-4B7E-BCED-4382E3B99F7B}.Debug|Win32.Build.0 = Debug|Any CPU
		{C72B65EB-6789-4B7E-BCED-4382E3B99F7B}.Debug|x86.ActiveCfg = Debug|Any CPU
		{C72B65EB-6789-4B7E-BCED-4382E3B99F7B}.Debug|x86.Build.0 = Debug|Any CPU
		{C72B65EB-6789-4B7E-BCED-4382E3B99F7B}.Just Server|Any CPU.ActiveCfg = Release|Any CPU
		{C72B65EB-6789-4B7E-BCED-4382E3B99F7B}.Just Server|Any CPU.Build.0 = Release|Any CPU
		{C72B65EB-6789-4B7E-BCED-4382E3B99F7B}.Just Server|Mixed Platforms.ActiveCfg = Release|Any CPU
		{C72B65EB-6789-4B7E-BCED-4382E3B99F7B}.Just Server|Mixed Platforms.Build.0 = Release|Any CPU
		{C72B65EB-6789-4B7E-BCED-4382E3B99F7B}.Just Server|Win32.ActiveCfg = Release|Any CPU
		{C72B65EB-6789-4B7E-BCED-4382E3B99F7B}.Just Server|Win32.Build.0 = Release|Any CPU
		{C72B65EB-6789-4B7E-BCED-4382E3B99F7B}.Just Server|x86.ActiveCfg = Release|Any CPU
		{C72B65EB-6789-4B7E-BCED-4382E3B99F7B}.Just Server|x86.Build.0 = Release|Any CPU
		{C72B65EB-6789-4B7E-BCED-4382E3B99F7B}.net_2_0_Debug|Any CPU.ActiveCfg = Debug|Any CPU
		{C72B65EB-6789-4B7E-BCED-4382E3B99F7B}.net_2_0_Debug|Any CPU.Build.0 = Debug|Any CPU
		{C72B65EB-6789-4B7E-BCED-4382E3B99F7B}.net_2_0_Debug|Mixed Platforms.ActiveCfg = Debug|Any CPU
		{C72B65EB-6789-4B7E-BCED-4382E3B99F7B}.net_2_0_Debug|Mixed Platforms.Build.0 = Debug|Any CPU
		{C72B65EB-6789-4B7E-BCED-4382E3B99F7B}.net_2_0_Debug|Win32.ActiveCfg = Debug|Any CPU
		{C72B65EB-6789-4B7E-BCED-4382E3B99F7B}.net_2_0_Debug|Win32.Build.0 = Debug|Any CPU
		{C72B65EB-6789-4B7E-BCED-4382E3B99F7B}.net_2_0_Debug|x86.ActiveCfg = Debug|Any CPU
		{C72B65EB-6789-4B7E-BCED-4382E3B99F7B}.net_2_0_Debug|x86.Build.0 = Debug|Any CPU
		{C72B65EB-6789-4B7E-BCED-4382E3B99F7B}.net_2_0_Release|Any CPU.ActiveCfg = Release|Any CPU
		{C72B65EB-6789-4B7E-BCED-4382E3B99F7B}.net_2_0_Release|Any CPU.Build.0 = Release|Any CPU
		{C72B65EB-6789-4B7E-BCED-4382E3B99F7B}.net_2_0_Release|Mixed Platforms.ActiveCfg = Release|Any CPU
		{C72B65EB-6789-4B7E-BCED-4382E3B99F7B}.net_2_0_Release|Mixed Platforms.Build.0 = Release|Any CPU
		{C72B65EB-6789-4B7E-BCED-4382E3B99F7B}.net_2_0_Release|Win32.ActiveCfg = Release|Any CPU
		{C72B65EB-6789-4B7E-BCED-4382E3B99F7B}.net_2_0_Release|Win32.Build.0 = Release|Any CPU
		{C72B65EB-6789-4B7E-BCED-4382E3B99F7B}.net_2_0_Release|x86.ActiveCfg = Release|Any CPU
		{C72B65EB-6789-4B7E-BCED-4382E3B99F7B}.net_2_0_Release|x86.Build.0 = Release|Any CPU
		{C72B65EB-6789-4B7E-BCED-4382E3B99F7B}.net_3_5_Debug|Any CPU.ActiveCfg = Debug|Any CPU
		{C72B65EB-6789-4B7E-BCED-4382E3B99F7B}.net_3_5_Debug|Any CPU.Build.0 = Debug|Any CPU
		{C72B65EB-6789-4B7E-BCED-4382E3B99F7B}.net_3_5_Debug|Mixed Platforms.ActiveCfg = Debug|Any CPU
		{C72B65EB-6789-4B7E-BCED-4382E3B99F7B}.net_3_5_Debug|Mixed Platforms.Build.0 = Debug|Any CPU
		{C72B65EB-6789-4B7E-BCED-4382E3B99F7B}.net_3_5_Debug|Win32.ActiveCfg = Debug|Any CPU
		{C72B65EB-6789-4B7E-BCED-4382E3B99F7B}.net_3_5_Debug|Win32.Build.0 = Debug|Any CPU
		{C72B65EB-6789-4B7E-BCED-4382E3B99F7B}.net_3_5_Debug|x86.ActiveCfg = Debug|Any CPU
		{C72B65EB-6789-4B7E-BCED-4382E3B99F7B}.net_3_5_Debug|x86.Build.0 = Debug|Any CPU
		{C72B65EB-6789-4B7E-BCED-4382E3B99F7B}.net_3_5_Release|Any CPU.ActiveCfg = Release|Any CPU
		{C72B65EB-6789-4B7E-BCED-4382E3B99F7B}.net_3_5_Release|Any CPU.Build.0 = Release|Any CPU
		{C72B65EB-6789-4B7E-BCED-4382E3B99F7B}.net_3_5_Release|Mixed Platforms.ActiveCfg = Release|Any CPU
		{C72B65EB-6789-4B7E-BCED-4382E3B99F7B}.net_3_5_Release|Mixed Platforms.Build.0 = Release|Any CPU
		{C72B65EB-6789-4B7E-BCED-4382E3B99F7B}.net_3_5_Release|Win32.ActiveCfg = Release|Any CPU
		{C72B65EB-6789-4B7E-BCED-4382E3B99F7B}.net_3_5_Release|Win32.Build.0 = Release|Any CPU
		{C72B65EB-6789-4B7E-BCED-4382E3B99F7B}.net_3_5_Release|x86.ActiveCfg = Release|Any CPU
		{C72B65EB-6789-4B7E-BCED-4382E3B99F7B}.net_3_5_Release|x86.Build.0 = Release|Any CPU
		{C72B65EB-6789-4B7E-BCED-4382E3B99F7B}.net_4_0_Debug|Any CPU.ActiveCfg = Debug|Any CPU
		{C72B65EB-6789-4B7E-BCED-4382E3B99F7B}.net_4_0_Debug|Any CPU.Build.0 = Debug|Any CPU
		{C72B65EB-6789-4B7E-BCED-4382E3B99F7B}.net_4_0_Debug|Mixed Platforms.ActiveCfg = Debug|Any CPU
		{C72B65EB-6789-4B7E-BCED-4382E3B99F7B}.net_4_0_Debug|Mixed Platforms.Build.0 = Debug|Any CPU
		{C72B65EB-6789-4B7E-BCED-4382E3B99F7B}.net_4_0_Debug|Win32.ActiveCfg = Debug|Any CPU
		{C72B65EB-6789-4B7E-BCED-4382E3B99F7B}.net_4_0_Debug|Win32.Build.0 = Debug|Any CPU
		{C72B65EB-6789-4B7E-BCED-4382E3B99F7B}.net_4_0_Debug|x86.ActiveCfg = Debug|Any CPU
		{C72B65EB-6789-4B7E-BCED-4382E3B99F7B}.net_4_0_Debug|x86.Build.0 = Debug|Any CPU
		{C72B65EB-6789-4B7E-BCED-4382E3B99F7B}.net_4_0_Release|Any CPU.ActiveCfg = Release|Any CPU
		{C72B65EB-6789-4B7E-BCED-4382E3B99F7B}.net_4_0_Release|Any CPU.Build.0 = Release|Any CPU
		{C72B65EB-6789-4B7E-BCED-4382E3B99F7B}.net_4_0_Release|Mixed Platforms.ActiveCfg = Release|Any CPU
		{C72B65EB-6789-4B7E-BCED-4382E3B99F7B}.net_4_0_Release|Mixed Platforms.Build.0 = Release|Any CPU
		{C72B65EB-6789-4B7E-BCED-4382E3B99F7B}.net_4_0_Release|Win32.ActiveCfg = Release|Any CPU
		{C72B65EB-6789-4B7E-BCED-4382E3B99F7B}.net_4_0_Release|Win32.Build.0 = Release|Any CPU
		{C72B65EB-6789-4B7E-BCED-4382E3B99F7B}.net_4_0_Release|x86.ActiveCfg = Release|Any CPU
		{C72B65EB-6789-4B7E-BCED-4382E3B99F7B}.net_4_0_Release|x86.Build.0 = Release|Any CPU
		{C72B65EB-6789-4B7E-BCED-4382E3B99F7B}.net_4_5_Debug|Any CPU.ActiveCfg = Debug|Any CPU
		{C72B65EB-6789-4B7E-BCED-4382E3B99F7B}.net_4_5_Debug|Any CPU.Build.0 = Debug|Any CPU
		{C72B65EB-6789-4B7E-BCED-4382E3B99F7B}.net_4_5_Debug|Mixed Platforms.ActiveCfg = Debug|Any CPU
		{C72B65EB-6789-4B7E-BCED-4382E3B99F7B}.net_4_5_Debug|Mixed Platforms.Build.0 = Debug|Any CPU
		{C72B65EB-6789-4B7E-BCED-4382E3B99F7B}.net_4_5_Debug|Win32.ActiveCfg = Debug|Any CPU
		{C72B65EB-6789-4B7E-BCED-4382E3B99F7B}.net_4_5_Debug|Win32.Build.0 = Debug|Any CPU
		{C72B65EB-6789-4B7E-BCED-4382E3B99F7B}.net_4_5_Debug|x86.ActiveCfg = Debug|Any CPU
		{C72B65EB-6789-4B7E-BCED-4382E3B99F7B}.net_4_5_Debug|x86.Build.0 = Debug|Any CPU
		{C72B65EB-6789-4B7E-BCED-4382E3B99F7B}.net_4_5_Release|Any CPU.ActiveCfg = Release|Any CPU
		{C72B65EB-6789-4B7E-BCED-4382E3B99F7B}.net_4_5_Release|Any CPU.Build.0 = Release|Any CPU
		{C72B65EB-6789-4B7E-BCED-4382E3B99F7B}.net_4_5_Release|Mixed Platforms.ActiveCfg = Release|Any CPU
		{C72B65EB-6789-4B7E-BCED-4382E3B99F7B}.net_4_5_Release|Mixed Platforms.Build.0 = Release|Any CPU
		{C72B65EB-6789-4B7E-BCED-4382E3B99F7B}.net_4_5_Release|Win32.ActiveCfg = Release|Any CPU
		{C72B65EB-6789-4B7E-BCED-4382E3B99F7B}.net_4_5_Release|Win32.Build.0 = Release|Any CPU
		{C72B65EB-6789-4B7E-BCED-4382E3B99F7B}.net_4_5_Release|x86.ActiveCfg = Release|Any CPU
		{C72B65EB-6789-4B7E-BCED-4382E3B99F7B}.net_4_5_Release|x86.Build.0 = Release|Any CPU
		{C72B65EB-6789-4B7E-BCED-4382E3B99F7B}.Release|Any CPU.ActiveCfg = Release|Any CPU
		{C72B65EB-6789-4B7E-BCED-4382E3B99F7B}.Release|Any CPU.Build.0 = Release|Any CPU
		{C72B65EB-6789-4B7E-BCED-4382E3B99F7B}.Release|Mixed Platforms.ActiveCfg = Release|Any CPU
		{C72B65EB-6789-4B7E-BCED-4382E3B99F7B}.Release|Mixed Platforms.Build.0 = Release|Any CPU
		{C72B65EB-6789-4B7E-BCED-4382E3B99F7B}.Release|Win32.ActiveCfg = Release|Any CPU
		{C72B65EB-6789-4B7E-BCED-4382E3B99F7B}.Release|Win32.Build.0 = Release|Any CPU
		{C72B65EB-6789-4B7E-BCED-4382E3B99F7B}.Release|x86.ActiveCfg = Release|Any CPU
		{C72B65EB-6789-4B7E-BCED-4382E3B99F7B}.Release|x86.Build.0 = Release|Any CPU
		{C72B65EB-6789-4B7E-BCED-4382E3B99F7B}.silverlight_Debug|Any CPU.ActiveCfg = Debug|Any CPU
		{C72B65EB-6789-4B7E-BCED-4382E3B99F7B}.silverlight_Debug|Any CPU.Build.0 = Debug|Any CPU
		{C72B65EB-6789-4B7E-BCED-4382E3B99F7B}.silverlight_Debug|Mixed Platforms.ActiveCfg = Debug|Any CPU
		{C72B65EB-6789-4B7E-BCED-4382E3B99F7B}.silverlight_Debug|Mixed Platforms.Build.0 = Debug|Any CPU
		{C72B65EB-6789-4B7E-BCED-4382E3B99F7B}.silverlight_Debug|Win32.ActiveCfg = Debug|Any CPU
		{C72B65EB-6789-4B7E-BCED-4382E3B99F7B}.silverlight_Debug|Win32.Build.0 = Debug|Any CPU
		{C72B65EB-6789-4B7E-BCED-4382E3B99F7B}.silverlight_Debug|x86.ActiveCfg = Debug|Any CPU
		{C72B65EB-6789-4B7E-BCED-4382E3B99F7B}.silverlight_Debug|x86.Build.0 = Debug|Any CPU
		{C72B65EB-6789-4B7E-BCED-4382E3B99F7B}.silverlight_Release|Any CPU.ActiveCfg = Release|Any CPU
		{C72B65EB-6789-4B7E-BCED-4382E3B99F7B}.silverlight_Release|Any CPU.Build.0 = Release|Any CPU
		{C72B65EB-6789-4B7E-BCED-4382E3B99F7B}.silverlight_Release|Mixed Platforms.ActiveCfg = Release|Any CPU
		{C72B65EB-6789-4B7E-BCED-4382E3B99F7B}.silverlight_Release|Mixed Platforms.Build.0 = Release|Any CPU
		{C72B65EB-6789-4B7E-BCED-4382E3B99F7B}.silverlight_Release|Win32.ActiveCfg = Release|Any CPU
		{C72B65EB-6789-4B7E-BCED-4382E3B99F7B}.silverlight_Release|Win32.Build.0 = Release|Any CPU
		{C72B65EB-6789-4B7E-BCED-4382E3B99F7B}.silverlight_Release|x86.ActiveCfg = Release|Any CPU
		{C72B65EB-6789-4B7E-BCED-4382E3B99F7B}.silverlight_Release|x86.Build.0 = Release|Any CPU
		{C72B65EB-6789-4B7E-BCED-4382E3B99F7B}.winphone_Debug|Any CPU.ActiveCfg = Debug|Any CPU
		{C72B65EB-6789-4B7E-BCED-4382E3B99F7B}.winphone_Debug|Any CPU.Build.0 = Debug|Any CPU
		{C72B65EB-6789-4B7E-BCED-4382E3B99F7B}.winphone_Debug|Mixed Platforms.ActiveCfg = Debug|Any CPU
		{C72B65EB-6789-4B7E-BCED-4382E3B99F7B}.winphone_Debug|Mixed Platforms.Build.0 = Debug|Any CPU
		{C72B65EB-6789-4B7E-BCED-4382E3B99F7B}.winphone_Debug|Win32.ActiveCfg = Debug|Any CPU
		{C72B65EB-6789-4B7E-BCED-4382E3B99F7B}.winphone_Debug|Win32.Build.0 = Debug|Any CPU
		{C72B65EB-6789-4B7E-BCED-4382E3B99F7B}.winphone_Debug|x86.ActiveCfg = Debug|Any CPU
		{C72B65EB-6789-4B7E-BCED-4382E3B99F7B}.winphone_Debug|x86.Build.0 = Debug|Any CPU
		{C72B65EB-6789-4B7E-BCED-4382E3B99F7B}.winphone_Release|Any CPU.ActiveCfg = Release|Any CPU
		{C72B65EB-6789-4B7E-BCED-4382E3B99F7B}.winphone_Release|Any CPU.Build.0 = Release|Any CPU
		{C72B65EB-6789-4B7E-BCED-4382E3B99F7B}.winphone_Release|Mixed Platforms.ActiveCfg = Release|Any CPU
		{C72B65EB-6789-4B7E-BCED-4382E3B99F7B}.winphone_Release|Mixed Platforms.Build.0 = Release|Any CPU
		{C72B65EB-6789-4B7E-BCED-4382E3B99F7B}.winphone_Release|Win32.ActiveCfg = Release|Any CPU
		{C72B65EB-6789-4B7E-BCED-4382E3B99F7B}.winphone_Release|Win32.Build.0 = Release|Any CPU
		{C72B65EB-6789-4B7E-BCED-4382E3B99F7B}.winphone_Release|x86.ActiveCfg = Release|Any CPU
		{C72B65EB-6789-4B7E-BCED-4382E3B99F7B}.winphone_Release|x86.Build.0 = Release|Any CPU
		{E0C31830-7BEC-4D9C-A0F1-5A5CD176BF7A}.Debug|Any CPU.ActiveCfg = Debug|Any CPU
		{E0C31830-7BEC-4D9C-A0F1-5A5CD176BF7A}.Debug|Any CPU.Build.0 = Debug|Any CPU
		{E0C31830-7BEC-4D9C-A0F1-5A5CD176BF7A}.Debug|Mixed Platforms.ActiveCfg = Debug|x86
		{E0C31830-7BEC-4D9C-A0F1-5A5CD176BF7A}.Debug|Mixed Platforms.Build.0 = Debug|x86
		{E0C31830-7BEC-4D9C-A0F1-5A5CD176BF7A}.Debug|Win32.ActiveCfg = Debug|x86
		{E0C31830-7BEC-4D9C-A0F1-5A5CD176BF7A}.Debug|Win32.Build.0 = Debug|x86
		{E0C31830-7BEC-4D9C-A0F1-5A5CD176BF7A}.Debug|x86.ActiveCfg = Debug|x86
		{E0C31830-7BEC-4D9C-A0F1-5A5CD176BF7A}.Debug|x86.Build.0 = Debug|x86
		{E0C31830-7BEC-4D9C-A0F1-5A5CD176BF7A}.Just Server|Any CPU.ActiveCfg = Release|Any CPU
		{E0C31830-7BEC-4D9C-A0F1-5A5CD176BF7A}.Just Server|Any CPU.Build.0 = Release|Any CPU
		{E0C31830-7BEC-4D9C-A0F1-5A5CD176BF7A}.Just Server|Mixed Platforms.ActiveCfg = Release|x86
		{E0C31830-7BEC-4D9C-A0F1-5A5CD176BF7A}.Just Server|Mixed Platforms.Build.0 = Release|x86
		{E0C31830-7BEC-4D9C-A0F1-5A5CD176BF7A}.Just Server|Win32.ActiveCfg = Release|x86
		{E0C31830-7BEC-4D9C-A0F1-5A5CD176BF7A}.Just Server|Win32.Build.0 = Release|x86
		{E0C31830-7BEC-4D9C-A0F1-5A5CD176BF7A}.Just Server|x86.ActiveCfg = Release|x86
		{E0C31830-7BEC-4D9C-A0F1-5A5CD176BF7A}.Just Server|x86.Build.0 = Release|x86
		{E0C31830-7BEC-4D9C-A0F1-5A5CD176BF7A}.net_2_0_Debug|Any CPU.ActiveCfg = Debug|Any CPU
		{E0C31830-7BEC-4D9C-A0F1-5A5CD176BF7A}.net_2_0_Debug|Any CPU.Build.0 = Debug|Any CPU
		{E0C31830-7BEC-4D9C-A0F1-5A5CD176BF7A}.net_2_0_Debug|Mixed Platforms.ActiveCfg = Debug|Any CPU
		{E0C31830-7BEC-4D9C-A0F1-5A5CD176BF7A}.net_2_0_Debug|Mixed Platforms.Build.0 = Debug|Any CPU
		{E0C31830-7BEC-4D9C-A0F1-5A5CD176BF7A}.net_2_0_Debug|Win32.ActiveCfg = Debug|x86
		{E0C31830-7BEC-4D9C-A0F1-5A5CD176BF7A}.net_2_0_Debug|Win32.Build.0 = Debug|x86
		{E0C31830-7BEC-4D9C-A0F1-5A5CD176BF7A}.net_2_0_Debug|x86.ActiveCfg = Debug|Any CPU
		{E0C31830-7BEC-4D9C-A0F1-5A5CD176BF7A}.net_2_0_Release|Any CPU.ActiveCfg = Release|Any CPU
		{E0C31830-7BEC-4D9C-A0F1-5A5CD176BF7A}.net_2_0_Release|Any CPU.Build.0 = Release|Any CPU
		{E0C31830-7BEC-4D9C-A0F1-5A5CD176BF7A}.net_2_0_Release|Mixed Platforms.ActiveCfg = Release|Any CPU
		{E0C31830-7BEC-4D9C-A0F1-5A5CD176BF7A}.net_2_0_Release|Mixed Platforms.Build.0 = Release|Any CPU
		{E0C31830-7BEC-4D9C-A0F1-5A5CD176BF7A}.net_2_0_Release|Win32.ActiveCfg = Release|x86
		{E0C31830-7BEC-4D9C-A0F1-5A5CD176BF7A}.net_2_0_Release|Win32.Build.0 = Release|x86
		{E0C31830-7BEC-4D9C-A0F1-5A5CD176BF7A}.net_2_0_Release|x86.ActiveCfg = Release|Any CPU
		{E0C31830-7BEC-4D9C-A0F1-5A5CD176BF7A}.net_3_5_Debug|Any CPU.ActiveCfg = Debug|Any CPU
		{E0C31830-7BEC-4D9C-A0F1-5A5CD176BF7A}.net_3_5_Debug|Any CPU.Build.0 = Debug|Any CPU
		{E0C31830-7BEC-4D9C-A0F1-5A5CD176BF7A}.net_3_5_Debug|Mixed Platforms.ActiveCfg = Debug|Any CPU
		{E0C31830-7BEC-4D9C-A0F1-5A5CD176BF7A}.net_3_5_Debug|Mixed Platforms.Build.0 = Debug|Any CPU
		{E0C31830-7BEC-4D9C-A0F1-5A5CD176BF7A}.net_3_5_Debug|Win32.ActiveCfg = Debug|x86
		{E0C31830-7BEC-4D9C-A0F1-5A5CD176BF7A}.net_3_5_Debug|Win32.Build.0 = Debug|x86
		{E0C31830-7BEC-4D9C-A0F1-5A5CD176BF7A}.net_3_5_Debug|x86.ActiveCfg = Debug|Any CPU
		{E0C31830-7BEC-4D9C-A0F1-5A5CD176BF7A}.net_3_5_Release|Any CPU.ActiveCfg = Release|Any CPU
		{E0C31830-7BEC-4D9C-A0F1-5A5CD176BF7A}.net_3_5_Release|Any CPU.Build.0 = Release|Any CPU
		{E0C31830-7BEC-4D9C-A0F1-5A5CD176BF7A}.net_3_5_Release|Mixed Platforms.ActiveCfg = Release|Any CPU
		{E0C31830-7BEC-4D9C-A0F1-5A5CD176BF7A}.net_3_5_Release|Mixed Platforms.Build.0 = Release|Any CPU
		{E0C31830-7BEC-4D9C-A0F1-5A5CD176BF7A}.net_3_5_Release|Win32.ActiveCfg = Release|x86
		{E0C31830-7BEC-4D9C-A0F1-5A5CD176BF7A}.net_3_5_Release|Win32.Build.0 = Release|x86
		{E0C31830-7BEC-4D9C-A0F1-5A5CD176BF7A}.net_3_5_Release|x86.ActiveCfg = Release|Any CPU
		{E0C31830-7BEC-4D9C-A0F1-5A5CD176BF7A}.net_4_0_Debug|Any CPU.ActiveCfg = Debug|Any CPU
		{E0C31830-7BEC-4D9C-A0F1-5A5CD176BF7A}.net_4_0_Debug|Any CPU.Build.0 = Debug|Any CPU
		{E0C31830-7BEC-4D9C-A0F1-5A5CD176BF7A}.net_4_0_Debug|Mixed Platforms.ActiveCfg = Debug|Any CPU
		{E0C31830-7BEC-4D9C-A0F1-5A5CD176BF7A}.net_4_0_Debug|Mixed Platforms.Build.0 = Debug|Any CPU
		{E0C31830-7BEC-4D9C-A0F1-5A5CD176BF7A}.net_4_0_Debug|Win32.ActiveCfg = Debug|x86
		{E0C31830-7BEC-4D9C-A0F1-5A5CD176BF7A}.net_4_0_Debug|Win32.Build.0 = Debug|x86
		{E0C31830-7BEC-4D9C-A0F1-5A5CD176BF7A}.net_4_0_Debug|x86.ActiveCfg = Debug|Any CPU
		{E0C31830-7BEC-4D9C-A0F1-5A5CD176BF7A}.net_4_0_Release|Any CPU.ActiveCfg = Release|Any CPU
		{E0C31830-7BEC-4D9C-A0F1-5A5CD176BF7A}.net_4_0_Release|Any CPU.Build.0 = Release|Any CPU
		{E0C31830-7BEC-4D9C-A0F1-5A5CD176BF7A}.net_4_0_Release|Mixed Platforms.ActiveCfg = Release|Any CPU
		{E0C31830-7BEC-4D9C-A0F1-5A5CD176BF7A}.net_4_0_Release|Mixed Platforms.Build.0 = Release|Any CPU
		{E0C31830-7BEC-4D9C-A0F1-5A5CD176BF7A}.net_4_0_Release|Win32.ActiveCfg = Release|x86
		{E0C31830-7BEC-4D9C-A0F1-5A5CD176BF7A}.net_4_0_Release|Win32.Build.0 = Release|x86
		{E0C31830-7BEC-4D9C-A0F1-5A5CD176BF7A}.net_4_0_Release|x86.ActiveCfg = Release|Any CPU
		{E0C31830-7BEC-4D9C-A0F1-5A5CD176BF7A}.net_4_5_Debug|Any CPU.ActiveCfg = Debug|Any CPU
		{E0C31830-7BEC-4D9C-A0F1-5A5CD176BF7A}.net_4_5_Debug|Any CPU.Build.0 = Debug|Any CPU
		{E0C31830-7BEC-4D9C-A0F1-5A5CD176BF7A}.net_4_5_Debug|Mixed Platforms.ActiveCfg = Debug|Any CPU
		{E0C31830-7BEC-4D9C-A0F1-5A5CD176BF7A}.net_4_5_Debug|Mixed Platforms.Build.0 = Debug|Any CPU
		{E0C31830-7BEC-4D9C-A0F1-5A5CD176BF7A}.net_4_5_Debug|Win32.ActiveCfg = Debug|x86
		{E0C31830-7BEC-4D9C-A0F1-5A5CD176BF7A}.net_4_5_Debug|Win32.Build.0 = Debug|x86
		{E0C31830-7BEC-4D9C-A0F1-5A5CD176BF7A}.net_4_5_Debug|x86.ActiveCfg = Debug|Any CPU
		{E0C31830-7BEC-4D9C-A0F1-5A5CD176BF7A}.net_4_5_Release|Any CPU.ActiveCfg = Release|Any CPU
		{E0C31830-7BEC-4D9C-A0F1-5A5CD176BF7A}.net_4_5_Release|Any CPU.Build.0 = Release|Any CPU
		{E0C31830-7BEC-4D9C-A0F1-5A5CD176BF7A}.net_4_5_Release|Mixed Platforms.ActiveCfg = Release|Any CPU
		{E0C31830-7BEC-4D9C-A0F1-5A5CD176BF7A}.net_4_5_Release|Mixed Platforms.Build.0 = Release|Any CPU
		{E0C31830-7BEC-4D9C-A0F1-5A5CD176BF7A}.net_4_5_Release|Win32.ActiveCfg = Release|x86
		{E0C31830-7BEC-4D9C-A0F1-5A5CD176BF7A}.net_4_5_Release|Win32.Build.0 = Release|x86
		{E0C31830-7BEC-4D9C-A0F1-5A5CD176BF7A}.net_4_5_Release|x86.ActiveCfg = Release|Any CPU
		{E0C31830-7BEC-4D9C-A0F1-5A5CD176BF7A}.Release|Any CPU.ActiveCfg = Release|Any CPU
		{E0C31830-7BEC-4D9C-A0F1-5A5CD176BF7A}.Release|Any CPU.Build.0 = Release|Any CPU
		{E0C31830-7BEC-4D9C-A0F1-5A5CD176BF7A}.Release|Mixed Platforms.ActiveCfg = Release|Any CPU
		{E0C31830-7BEC-4D9C-A0F1-5A5CD176BF7A}.Release|Mixed Platforms.Build.0 = Release|Any CPU
		{E0C31830-7BEC-4D9C-A0F1-5A5CD176BF7A}.Release|Win32.ActiveCfg = Release|x86
		{E0C31830-7BEC-4D9C-A0F1-5A5CD176BF7A}.Release|Win32.Build.0 = Release|x86
		{E0C31830-7BEC-4D9C-A0F1-5A5CD176BF7A}.Release|x86.ActiveCfg = Release|x86
		{E0C31830-7BEC-4D9C-A0F1-5A5CD176BF7A}.Release|x86.Build.0 = Release|x86
		{E0C31830-7BEC-4D9C-A0F1-5A5CD176BF7A}.silverlight_Debug|Any CPU.ActiveCfg = Debug|Any CPU
		{E0C31830-7BEC-4D9C-A0F1-5A5CD176BF7A}.silverlight_Debug|Any CPU.Build.0 = Debug|Any CPU
		{E0C31830-7BEC-4D9C-A0F1-5A5CD176BF7A}.silverlight_Debug|Mixed Platforms.ActiveCfg = Debug|Any CPU
		{E0C31830-7BEC-4D9C-A0F1-5A5CD176BF7A}.silverlight_Debug|Mixed Platforms.Build.0 = Debug|Any CPU
		{E0C31830-7BEC-4D9C-A0F1-5A5CD176BF7A}.silverlight_Debug|Win32.ActiveCfg = Debug|x86
		{E0C31830-7BEC-4D9C-A0F1-5A5CD176BF7A}.silverlight_Debug|Win32.Build.0 = Debug|x86
		{E0C31830-7BEC-4D9C-A0F1-5A5CD176BF7A}.silverlight_Debug|x86.ActiveCfg = Debug|Any CPU
		{E0C31830-7BEC-4D9C-A0F1-5A5CD176BF7A}.silverlight_Release|Any CPU.ActiveCfg = Release|Any CPU
		{E0C31830-7BEC-4D9C-A0F1-5A5CD176BF7A}.silverlight_Release|Any CPU.Build.0 = Release|Any CPU
		{E0C31830-7BEC-4D9C-A0F1-5A5CD176BF7A}.silverlight_Release|Mixed Platforms.ActiveCfg = Release|Any CPU
		{E0C31830-7BEC-4D9C-A0F1-5A5CD176BF7A}.silverlight_Release|Mixed Platforms.Build.0 = Release|Any CPU
		{E0C31830-7BEC-4D9C-A0F1-5A5CD176BF7A}.silverlight_Release|Win32.ActiveCfg = Release|x86
		{E0C31830-7BEC-4D9C-A0F1-5A5CD176BF7A}.silverlight_Release|Win32.Build.0 = Release|x86
		{E0C31830-7BEC-4D9C-A0F1-5A5CD176BF7A}.silverlight_Release|x86.ActiveCfg = Release|Any CPU
		{E0C31830-7BEC-4D9C-A0F1-5A5CD176BF7A}.winphone_Debug|Any CPU.ActiveCfg = Debug|Any CPU
		{E0C31830-7BEC-4D9C-A0F1-5A5CD176BF7A}.winphone_Debug|Any CPU.Build.0 = Debug|Any CPU
		{E0C31830-7BEC-4D9C-A0F1-5A5CD176BF7A}.winphone_Debug|Mixed Platforms.ActiveCfg = Debug|Any CPU
		{E0C31830-7BEC-4D9C-A0F1-5A5CD176BF7A}.winphone_Debug|Mixed Platforms.Build.0 = Debug|Any CPU
		{E0C31830-7BEC-4D9C-A0F1-5A5CD176BF7A}.winphone_Debug|Win32.ActiveCfg = Debug|x86
		{E0C31830-7BEC-4D9C-A0F1-5A5CD176BF7A}.winphone_Debug|Win32.Build.0 = Debug|x86
		{E0C31830-7BEC-4D9C-A0F1-5A5CD176BF7A}.winphone_Debug|x86.ActiveCfg = Debug|Any CPU
		{E0C31830-7BEC-4D9C-A0F1-5A5CD176BF7A}.winphone_Release|Any CPU.ActiveCfg = Release|Any CPU
		{E0C31830-7BEC-4D9C-A0F1-5A5CD176BF7A}.winphone_Release|Any CPU.Build.0 = Release|Any CPU
		{E0C31830-7BEC-4D9C-A0F1-5A5CD176BF7A}.winphone_Release|Mixed Platforms.ActiveCfg = Release|Any CPU
		{E0C31830-7BEC-4D9C-A0F1-5A5CD176BF7A}.winphone_Release|Mixed Platforms.Build.0 = Release|Any CPU
		{E0C31830-7BEC-4D9C-A0F1-5A5CD176BF7A}.winphone_Release|Win32.ActiveCfg = Release|x86
		{E0C31830-7BEC-4D9C-A0F1-5A5CD176BF7A}.winphone_Release|Win32.Build.0 = Release|x86
		{E0C31830-7BEC-4D9C-A0F1-5A5CD176BF7A}.winphone_Release|x86.ActiveCfg = Release|Any CPU
	EndGlobalSection
	GlobalSection(NestedProjects) = preSolution
		{D87DBA58-1E96-43CC-BD55-A7F30CAEE90E} = {EED99527-E456-4B5C-8079-D4DC60410DFE}
	EndGlobalSection
	GlobalSection(MonoDevelopProperties) = preSolution
		Policies = $0
		$0.TextStylePolicy = $1
		$1.inheritsSet = VisualStudio
		$1.inheritsScope = text/plain
		$1.scope = text/x-csharp
		$0.CSharpFormattingPolicy = $2
		$2.IndentSwitchBody = True
		$2.IndentBlocksInsideExpressions = True
		$2.AnonymousMethodBraceStyle = NextLine
		$2.PropertyBraceStyle = NextLine
		$2.PropertyGetBraceStyle = NextLine
		$2.PropertySetBraceStyle = NextLine
		$2.EventBraceStyle = NextLine
		$2.EventAddBraceStyle = NextLine
		$2.EventRemoveBraceStyle = NextLine
		$2.StatementBraceStyle = NextLine
		$2.ElseNewLinePlacement = NewLine
		$2.CatchNewLinePlacement = NewLine
		$2.FinallyNewLinePlacement = NewLine
		$2.WhileNewLinePlacement = DoNotCare
		$2.ArrayInitializerWrapping = DoNotChange
		$2.ArrayInitializerBraceStyle = NextLine
		$2.BeforeMethodDeclarationParentheses = False
		$2.BeforeMethodCallParentheses = False
		$2.BeforeConstructorDeclarationParentheses = False
		$2.NewLineBeforeConstructorInitializerColon = NewLine
		$2.NewLineAfterConstructorInitializerColon = SameLine
		$2.BeforeDelegateDeclarationParentheses = False
		$2.NewParentheses = False
		$2.SpacesBeforeBrackets = False
		$2.inheritsSet = Mono
		$2.inheritsScope = text/x-csharp
		$2.scope = text/x-csharp
	EndGlobalSection
	GlobalSection(SolutionProperties) = preSolution
		HideSolutionNode = FALSE
	EndGlobalSection
EndGlobal
