
Microsoft Visual Studio Solution File, Format Version 11.00
# Visual Studio 2010
Project("{FAE04EC0-301F-11D3-BF4B-00C04F79EFBC}") = "Terraria_Server", "Terraria_Server\Terraria_Server.csproj", "{6B42E70C-75CD-410B-9D4A-3EA75B6F5176}"
EndProject
Project("{FAE04EC0-301F-11D3-BF4B-00C04F79EFBC}") = "Utility", "Utility\Utility.csproj", "{AE8F1723-09C6-484D-9582-7DF6AC0E75C2}"
EndProject
Project("{FAE04EC0-301F-11D3-BF4B-00C04F79EFBC}") = "TDSMPlugin", "TDSMPlugin\TDSMPlugin\TDSMPlugin.csproj", "{0FEC21CD-5ABA-4A5D-A4F3-EB65F07DF68C}"
EndProject
Project("{FAE04EC0-301F-11D3-BF4B-00C04F79EFBC}") = "Regions", "Regions\Regions.csproj", "{E4501BF5-0BD1-4F38-B09B-1DFD9C9A2085}"
EndProject
Project("{FAE04EC0-301F-11D3-BF4B-00C04F79EFBC}") = "TDSMPermissions", "TDSMPermissions\TDSMPermissions\TDSMPermissions.csproj", "{59C00003-40C8-4AB6-914A-AF0499BF82F9}"
EndProject
Project("{FAE04EC0-301F-11D3-BF4B-00C04F79EFBC}") = "Restrict", "Restrict\Restrict.csproj", "{D3090753-F6FB-476A-89DF-79DA641086B9}"
	ProjectSection(ProjectDependencies) = postProject
		{6B42E70C-75CD-410B-9D4A-3EA75B6F5176} = {6B42E70C-75CD-410B-9D4A-3EA75B6F5176}
	EndProjectSection
EndProject
Project("{FAE04EC0-301F-11D3-BF4B-00C04F79EFBC}") = "Languages", "Languages\Languages.csproj", "{121BF910-B79F-4D91-9FA8-AEFAE2BE650E}"
	ProjectSection(ProjectDependencies) = postProject
		{6B42E70C-75CD-410B-9D4A-3EA75B6F5176} = {6B42E70C-75CD-410B-9D4A-3EA75B6F5176}
	EndProjectSection
EndProject
Project("{2150E333-8FDC-42A3-9474-1A3956D46DE8}") = "Solution Items", "Solution Items", "{7F222315-6E11-4CC8-B8AE-C7AD1A7AE7D7}"
	ProjectSection(SolutionItems) = preProject
		ChangeLog.txt = ChangeLog.txt
		README.md = README.md
	EndProjectSection
EndProject
Project("{FAE04EC0-301F-11D3-BF4B-00C04F79EFBC}") = "TDSM_PermissionsX", "TDSM_PermissionsX\TDSM_PermissionsX.csproj", "{B39158F0-230E-4CA6-8197-0A4904FB80EE}"
EndProject
Global
	GlobalSection(SolutionConfigurationPlatforms) = preSolution
		Debug|Any CPU = Debug|Any CPU
		Debug|Mixed Platforms = Debug|Mixed Platforms
		Debug|Server Only = Debug|Server Only
		Debug|x64 = Debug|x64
		Debug|x86 = Debug|x86
		Release|Any CPU = Release|Any CPU
		Release|Mixed Platforms = Release|Mixed Platforms
		Release|Server Only = Release|Server Only
		Release|x64 = Release|x64
		Release|x86 = Release|x86
	EndGlobalSection
	GlobalSection(ProjectConfigurationPlatforms) = postSolution
		{6B42E70C-75CD-410B-9D4A-3EA75B6F5176}.Debug|Any CPU.ActiveCfg = Debug|x86
		{6B42E70C-75CD-410B-9D4A-3EA75B6F5176}.Debug|Mixed Platforms.ActiveCfg = Debug|x86
		{6B42E70C-75CD-410B-9D4A-3EA75B6F5176}.Debug|Mixed Platforms.Build.0 = Debug|x86
		{6B42E70C-75CD-410B-9D4A-3EA75B6F5176}.Debug|Server Only.ActiveCfg = Debug|x86
		{6B42E70C-75CD-410B-9D4A-3EA75B6F5176}.Debug|Server Only.Build.0 = Debug|x86
		{6B42E70C-75CD-410B-9D4A-3EA75B6F5176}.Debug|x64.ActiveCfg = Debug|x64
		{6B42E70C-75CD-410B-9D4A-3EA75B6F5176}.Debug|x64.Build.0 = Debug|x64
		{6B42E70C-75CD-410B-9D4A-3EA75B6F5176}.Debug|x86.ActiveCfg = Debug|x86
		{6B42E70C-75CD-410B-9D4A-3EA75B6F5176}.Debug|x86.Build.0 = Debug|x86
		{6B42E70C-75CD-410B-9D4A-3EA75B6F5176}.Release|Any CPU.ActiveCfg = Release|x86
		{6B42E70C-75CD-410B-9D4A-3EA75B6F5176}.Release|Mixed Platforms.ActiveCfg = Release|x86
		{6B42E70C-75CD-410B-9D4A-3EA75B6F5176}.Release|Mixed Platforms.Build.0 = Release|x86
		{6B42E70C-75CD-410B-9D4A-3EA75B6F5176}.Release|Server Only.ActiveCfg = Release|x86
		{6B42E70C-75CD-410B-9D4A-3EA75B6F5176}.Release|x64.ActiveCfg = Release|x64
		{6B42E70C-75CD-410B-9D4A-3EA75B6F5176}.Release|x64.Build.0 = Release|x64
		{6B42E70C-75CD-410B-9D4A-3EA75B6F5176}.Release|x86.ActiveCfg = Release|x86
		{6B42E70C-75CD-410B-9D4A-3EA75B6F5176}.Release|x86.Build.0 = Release|x86
		{AE8F1723-09C6-484D-9582-7DF6AC0E75C2}.Debug|Any CPU.ActiveCfg = Debug|x86
		{AE8F1723-09C6-484D-9582-7DF6AC0E75C2}.Debug|Mixed Platforms.ActiveCfg = Debug|x86
		{AE8F1723-09C6-484D-9582-7DF6AC0E75C2}.Debug|Mixed Platforms.Build.0 = Debug|x86
		{AE8F1723-09C6-484D-9582-7DF6AC0E75C2}.Debug|Server Only.ActiveCfg = Debug|x86
		{AE8F1723-09C6-484D-9582-7DF6AC0E75C2}.Debug|x64.ActiveCfg = Debug|x86
		{AE8F1723-09C6-484D-9582-7DF6AC0E75C2}.Debug|x86.ActiveCfg = Debug|x86
		{AE8F1723-09C6-484D-9582-7DF6AC0E75C2}.Release|Any CPU.ActiveCfg = Release|x86
		{AE8F1723-09C6-484D-9582-7DF6AC0E75C2}.Release|Mixed Platforms.ActiveCfg = Release|x86
		{AE8F1723-09C6-484D-9582-7DF6AC0E75C2}.Release|Mixed Platforms.Build.0 = Release|x86
		{AE8F1723-09C6-484D-9582-7DF6AC0E75C2}.Release|Server Only.ActiveCfg = Release|x86
		{AE8F1723-09C6-484D-9582-7DF6AC0E75C2}.Release|x64.ActiveCfg = Release|x86
		{AE8F1723-09C6-484D-9582-7DF6AC0E75C2}.Release|x86.ActiveCfg = Release|x86
		{AE8F1723-09C6-484D-9582-7DF6AC0E75C2}.Release|x86.Build.0 = Release|x86
		{0FEC21CD-5ABA-4A5D-A4F3-EB65F07DF68C}.Debug|Any CPU.ActiveCfg = Debug|Any CPU
		{0FEC21CD-5ABA-4A5D-A4F3-EB65F07DF68C}.Debug|Any CPU.Build.0 = Debug|Any CPU
		{0FEC21CD-5ABA-4A5D-A4F3-EB65F07DF68C}.Debug|Mixed Platforms.ActiveCfg = Debug|Any CPU
		{0FEC21CD-5ABA-4A5D-A4F3-EB65F07DF68C}.Debug|Mixed Platforms.Build.0 = Debug|Any CPU
		{0FEC21CD-5ABA-4A5D-A4F3-EB65F07DF68C}.Debug|Server Only.ActiveCfg = Debug|Any CPU
		{0FEC21CD-5ABA-4A5D-A4F3-EB65F07DF68C}.Debug|x64.ActiveCfg = Debug|Any CPU
		{0FEC21CD-5ABA-4A5D-A4F3-EB65F07DF68C}.Debug|x86.ActiveCfg = Debug|Any CPU
		{0FEC21CD-5ABA-4A5D-A4F3-EB65F07DF68C}.Debug|x86.Build.0 = Debug|Any CPU
		{0FEC21CD-5ABA-4A5D-A4F3-EB65F07DF68C}.Release|Any CPU.ActiveCfg = Release|Any CPU
		{0FEC21CD-5ABA-4A5D-A4F3-EB65F07DF68C}.Release|Any CPU.Build.0 = Release|Any CPU
		{0FEC21CD-5ABA-4A5D-A4F3-EB65F07DF68C}.Release|Mixed Platforms.ActiveCfg = Release|Any CPU
		{0FEC21CD-5ABA-4A5D-A4F3-EB65F07DF68C}.Release|Mixed Platforms.Build.0 = Release|Any CPU
		{0FEC21CD-5ABA-4A5D-A4F3-EB65F07DF68C}.Release|Server Only.ActiveCfg = Release|Any CPU
		{0FEC21CD-5ABA-4A5D-A4F3-EB65F07DF68C}.Release|Server Only.Build.0 = Release|Any CPU
		{0FEC21CD-5ABA-4A5D-A4F3-EB65F07DF68C}.Release|x64.ActiveCfg = Release|Any CPU
		{0FEC21CD-5ABA-4A5D-A4F3-EB65F07DF68C}.Release|x86.ActiveCfg = Release|Any CPU
		{E4501BF5-0BD1-4F38-B09B-1DFD9C9A2085}.Debug|Any CPU.ActiveCfg = Debug|x86
		{E4501BF5-0BD1-4F38-B09B-1DFD9C9A2085}.Debug|Mixed Platforms.ActiveCfg = Debug|x86
		{E4501BF5-0BD1-4F38-B09B-1DFD9C9A2085}.Debug|Mixed Platforms.Build.0 = Debug|x86
		{E4501BF5-0BD1-4F38-B09B-1DFD9C9A2085}.Debug|Server Only.ActiveCfg = Debug|x86
		{E4501BF5-0BD1-4F38-B09B-1DFD9C9A2085}.Debug|x64.ActiveCfg = Debug|x86
		{E4501BF5-0BD1-4F38-B09B-1DFD9C9A2085}.Debug|x86.ActiveCfg = Debug|x86
		{E4501BF5-0BD1-4F38-B09B-1DFD9C9A2085}.Debug|x86.Build.0 = Debug|x86
		{E4501BF5-0BD1-4F38-B09B-1DFD9C9A2085}.Release|Any CPU.ActiveCfg = Release|x86
		{E4501BF5-0BD1-4F38-B09B-1DFD9C9A2085}.Release|Mixed Platforms.ActiveCfg = Release|x86
		{E4501BF5-0BD1-4F38-B09B-1DFD9C9A2085}.Release|Mixed Platforms.Build.0 = Release|x86
		{E4501BF5-0BD1-4F38-B09B-1DFD9C9A2085}.Release|Server Only.ActiveCfg = Release|x86
		{E4501BF5-0BD1-4F38-B09B-1DFD9C9A2085}.Release|x64.ActiveCfg = Release|x86
		{E4501BF5-0BD1-4F38-B09B-1DFD9C9A2085}.Release|x86.ActiveCfg = Release|x86
		{E4501BF5-0BD1-4F38-B09B-1DFD9C9A2085}.Release|x86.Build.0 = Release|x86
		{59C00003-40C8-4AB6-914A-AF0499BF82F9}.Debug|Any CPU.ActiveCfg = Debug|Any CPU
		{59C00003-40C8-4AB6-914A-AF0499BF82F9}.Debug|Any CPU.Build.0 = Debug|Any CPU
		{59C00003-40C8-4AB6-914A-AF0499BF82F9}.Debug|Mixed Platforms.ActiveCfg = Debug|Any CPU
		{59C00003-40C8-4AB6-914A-AF0499BF82F9}.Debug|Mixed Platforms.Build.0 = Debug|Any CPU
		{59C00003-40C8-4AB6-914A-AF0499BF82F9}.Debug|Server Only.ActiveCfg = Debug|Any CPU
		{59C00003-40C8-4AB6-914A-AF0499BF82F9}.Debug|x64.ActiveCfg = Debug|Any CPU
		{59C00003-40C8-4AB6-914A-AF0499BF82F9}.Debug|x86.ActiveCfg = Debug|Any CPU
		{59C00003-40C8-4AB6-914A-AF0499BF82F9}.Debug|x86.Build.0 = Debug|Any CPU
		{59C00003-40C8-4AB6-914A-AF0499BF82F9}.Release|Any CPU.ActiveCfg = Release|Any CPU
		{59C00003-40C8-4AB6-914A-AF0499BF82F9}.Release|Any CPU.Build.0 = Release|Any CPU
		{59C00003-40C8-4AB6-914A-AF0499BF82F9}.Release|Mixed Platforms.ActiveCfg = Release|Any CPU
		{59C00003-40C8-4AB6-914A-AF0499BF82F9}.Release|Mixed Platforms.Build.0 = Release|Any CPU
		{59C00003-40C8-4AB6-914A-AF0499BF82F9}.Release|Server Only.ActiveCfg = Release|Any CPU
		{59C00003-40C8-4AB6-914A-AF0499BF82F9}.Release|Server Only.Build.0 = Release|Any CPU
		{59C00003-40C8-4AB6-914A-AF0499BF82F9}.Release|x64.ActiveCfg = Release|Any CPU
		{59C00003-40C8-4AB6-914A-AF0499BF82F9}.Release|x86.ActiveCfg = Release|Any CPU
		{D3090753-F6FB-476A-89DF-79DA641086B9}.Debug|Any CPU.ActiveCfg = Debug|Any CPU
		{D3090753-F6FB-476A-89DF-79DA641086B9}.Debug|Any CPU.Build.0 = Debug|Any CPU
		{D3090753-F6FB-476A-89DF-79DA641086B9}.Debug|Mixed Platforms.ActiveCfg = Debug|Any CPU
		{D3090753-F6FB-476A-89DF-79DA641086B9}.Debug|Mixed Platforms.Build.0 = Debug|Any CPU
		{D3090753-F6FB-476A-89DF-79DA641086B9}.Debug|Server Only.ActiveCfg = Debug|Any CPU
		{D3090753-F6FB-476A-89DF-79DA641086B9}.Debug|x64.ActiveCfg = Debug|Any CPU
		{D3090753-F6FB-476A-89DF-79DA641086B9}.Debug|x86.ActiveCfg = Debug|Any CPU
		{D3090753-F6FB-476A-89DF-79DA641086B9}.Debug|x86.Build.0 = Debug|Any CPU
		{D3090753-F6FB-476A-89DF-79DA641086B9}.Release|Any CPU.ActiveCfg = Release|Any CPU
		{D3090753-F6FB-476A-89DF-79DA641086B9}.Release|Any CPU.Build.0 = Release|Any CPU
		{D3090753-F6FB-476A-89DF-79DA641086B9}.Release|Mixed Platforms.ActiveCfg = Release|Any CPU
		{D3090753-F6FB-476A-89DF-79DA641086B9}.Release|Mixed Platforms.Build.0 = Release|Any CPU
		{D3090753-F6FB-476A-89DF-79DA641086B9}.Release|Server Only.ActiveCfg = Release|Any CPU
		{D3090753-F6FB-476A-89DF-79DA641086B9}.Release|Server Only.Build.0 = Release|Any CPU
		{D3090753-F6FB-476A-89DF-79DA641086B9}.Release|x64.ActiveCfg = Release|Any CPU
		{D3090753-F6FB-476A-89DF-79DA641086B9}.Release|x86.ActiveCfg = Release|Any CPU
		{121BF910-B79F-4D91-9FA8-AEFAE2BE650E}.Debug|Any CPU.ActiveCfg = Debug|x86
		{121BF910-B79F-4D91-9FA8-AEFAE2BE650E}.Debug|Mixed Platforms.ActiveCfg = Debug|x86
		{121BF910-B79F-4D91-9FA8-AEFAE2BE650E}.Debug|Mixed Platforms.Build.0 = Debug|x86
		{121BF910-B79F-4D91-9FA8-AEFAE2BE650E}.Debug|Server Only.ActiveCfg = Debug|x86
		{121BF910-B79F-4D91-9FA8-AEFAE2BE650E}.Debug|x64.ActiveCfg = Debug|x86
		{121BF910-B79F-4D91-9FA8-AEFAE2BE650E}.Debug|x86.ActiveCfg = Debug|x86
		{121BF910-B79F-4D91-9FA8-AEFAE2BE650E}.Debug|x86.Build.0 = Debug|x86
		{121BF910-B79F-4D91-9FA8-AEFAE2BE650E}.Release|Any CPU.ActiveCfg = Release|x86
		{121BF910-B79F-4D91-9FA8-AEFAE2BE650E}.Release|Mixed Platforms.ActiveCfg = Release|x86
		{121BF910-B79F-4D91-9FA8-AEFAE2BE650E}.Release|Mixed Platforms.Build.0 = Release|x86
		{121BF910-B79F-4D91-9FA8-AEFAE2BE650E}.Release|Server Only.ActiveCfg = Release|x86
		{121BF910-B79F-4D91-9FA8-AEFAE2BE650E}.Release|x64.ActiveCfg = Release|x86
		{121BF910-B79F-4D91-9FA8-AEFAE2BE650E}.Release|x86.ActiveCfg = Release|x86
		{121BF910-B79F-4D91-9FA8-AEFAE2BE650E}.Release|x86.Build.0 = Release|x86
		{B39158F0-230E-4CA6-8197-0A4904FB80EE}.Debug|Any CPU.ActiveCfg = Debug|Any CPU
		{B39158F0-230E-4CA6-8197-0A4904FB80EE}.Debug|Any CPU.Build.0 = Debug|Any CPU
		{B39158F0-230E-4CA6-8197-0A4904FB80EE}.Debug|Mixed Platforms.ActiveCfg = Debug|Any CPU
		{B39158F0-230E-4CA6-8197-0A4904FB80EE}.Debug|Mixed Platforms.Build.0 = Debug|Any CPU
		{B39158F0-230E-4CA6-8197-0A4904FB80EE}.Debug|Server Only.ActiveCfg = Debug|Any CPU
		{B39158F0-230E-4CA6-8197-0A4904FB80EE}.Debug|x64.ActiveCfg = Debug|Any CPU
		{B39158F0-230E-4CA6-8197-0A4904FB80EE}.Debug|x86.ActiveCfg = Debug|Any CPU
		{B39158F0-230E-4CA6-8197-0A4904FB80EE}.Release|Any CPU.ActiveCfg = Release|Any CPU
		{B39158F0-230E-4CA6-8197-0A4904FB80EE}.Release|Any CPU.Build.0 = Release|Any CPU
		{B39158F0-230E-4CA6-8197-0A4904FB80EE}.Release|Mixed Platforms.ActiveCfg = Release|Any CPU
		{B39158F0-230E-4CA6-8197-0A4904FB80EE}.Release|Mixed Platforms.Build.0 = Release|Any CPU
		{B39158F0-230E-4CA6-8197-0A4904FB80EE}.Release|Server Only.ActiveCfg = Release|Any CPU
		{B39158F0-230E-4CA6-8197-0A4904FB80EE}.Release|x64.ActiveCfg = Release|Any CPU
		{B39158F0-230E-4CA6-8197-0A4904FB80EE}.Release|x86.ActiveCfg = Release|Any CPU
	EndGlobalSection
	GlobalSection(SolutionProperties) = preSolution
		HideSolutionNode = FALSE
	EndGlobalSection
EndGlobal
